	<Project xmlns="http://schemas.microsoft.com/developer/msbuild/2003">
		<PropertyGroup>
			<ProjectGuid>{3E1A4F7F-A99F-458F-AAE6-2597988EA55A}</ProjectGuid>
			<MainSource>Cobranzas.dpr</MainSource>
			<Base>True</Base>
			<Config Condition="'$(Config)'==''">Debug</Config>
			<TargetedPlatforms>1</TargetedPlatforms>
			<AppType>Application</AppType>
			<FrameworkType>VCL</FrameworkType>
			<ProjectVersion>13.4</ProjectVersion>
			<Platform Condition="'$(Platform)'==''">Win32</Platform>
		</PropertyGroup>
		<PropertyGroup Condition="'$(Config)'=='Base' or '$(Base)'!=''">
			<Base>true</Base>
		</PropertyGroup>
		<PropertyGroup Condition="('$(Platform)'=='Win64' and '$(Base)'=='true') or '$(Base_Win64)'!=''">
			<Base_Win64>true</Base_Win64>
			<CfgParent>Base</CfgParent>
			<Base>true</Base>
		</PropertyGroup>
		<PropertyGroup Condition="('$(Platform)'=='Win32' and '$(Base)'=='true') or '$(Base_Win32)'!=''">
			<Base_Win32>true</Base_Win32>
			<CfgParent>Base</CfgParent>
			<Base>true</Base>
		</PropertyGroup>
		<PropertyGroup Condition="'$(Config)'=='Release' or '$(Cfg_1)'!=''">
			<Cfg_1>true</Cfg_1>
			<CfgParent>Base</CfgParent>
			<Base>true</Base>
		</PropertyGroup>
		<PropertyGroup Condition="'$(Config)'=='Debug' or '$(Cfg_2)'!=''">
			<Cfg_2>true</Cfg_2>
			<CfgParent>Base</CfgParent>
			<Base>true</Base>
		</PropertyGroup>
		<PropertyGroup Condition="('$(Platform)'=='Win32' and '$(Cfg_2)'=='true') or '$(Cfg_2_Win32)'!=''">
			<Cfg_2_Win32>true</Cfg_2_Win32>
			<CfgParent>Cfg_2</CfgParent>
			<Cfg_2>true</Cfg_2>
			<Base>true</Base>
		</PropertyGroup>
		<PropertyGroup Condition="'$(Base)'!=''">
			<DCC_SYMBOL_PLATFORM>false</DCC_SYMBOL_PLATFORM>
			<DCC_ExeOutput>C:\DELPHI\EXES</DCC_ExeOutput>
			<VerInfo_IncludeVerInfo>true</VerInfo_IncludeVerInfo>
			<VerInfo_Keys>CompanyName=Provincia ART;FileDescription=;FileVersion=1.0.0.0;InternalName=;LegalCopyright=;LegalTrademarks=;OriginalFilename=COBRANZAS;ProductName=;ProductVersion=1.0.0.0;Comments=</VerInfo_Keys>
			<DCC_UsePackage>vcl;rtl;$(DCC_UsePackage)</DCC_UsePackage>
			<DCC_ImageBase>00400000</DCC_ImageBase>
			<DCC_UNIT_DEPRECATED>false</DCC_UNIT_DEPRECATED>
			<DCC_Namespace>Vcl;Vcl.Imaging;Vcl.Touch;Vcl.Samples;Vcl.Shell;System;Xml;Data;Datasnap;Web;Soap;Winapi;FMXTee.Editor;$(DCC_Namespace)</DCC_Namespace>
			<DCC_WriteableConstants>true</DCC_WriteableConstants>
			<DCC_Define>ART2;ARTUTILS;ICONOS_SIST_NUEVO;ORACLE;COBRANZAS;NEW_LOCKCOLORS;ESSISTEMANUEVOEMI;SQLDIRECT6.2;SIC;$(DCC_Define)</DCC_Define>
			<DCC_Optimize>false</DCC_Optimize>
			<DCC_MapFile>3</DCC_MapFile>
			<DCC_SYMBOL_LIBRARY>false</DCC_SYMBOL_LIBRARY>
			<DCC_N>true</DCC_N>
			<DCC_K>false</DCC_K>
			<DCC_F>false</DCC_F>
			<DCC_SYMBOL_DEPRECATED>false</DCC_SYMBOL_DEPRECATED>
			<DCC_UNIT_PLATFORM>false</DCC_UNIT_PLATFORM>
			<DCC_S>false</DCC_S>
			<DCC_SymbolReferenceInfo>1</DCC_SymbolReferenceInfo>
			<DCC_HIDDEN_VIRTUAL>false</DCC_HIDDEN_VIRTUAL>
			<DCC_UNIT_LIBRARY>false</DCC_UNIT_LIBRARY>
			<DCC_E>false</DCC_E>
			<VerInfo_Locale>11274</VerInfo_Locale>
			<DCC_DcuOutput>c:\delphi\libsd7</DCC_DcuOutput>
		</PropertyGroup>
		<PropertyGroup Condition="'$(Base_Win64)'!=''">
			<Icon_MainIcon>CobranzasD7_Icon.ico</Icon_MainIcon>
		</PropertyGroup>
		<PropertyGroup Condition="'$(Base_Win32)'!=''">
			<DCC_UnitAlias>Placemnt=rxPlacemnt;ToolEdit=rxToolEdit;CurrEdit=rxCurrEdit;AppUtils=rxAppUtils;MemTable=rxMemTable;DateUtil=rxDateUtil;ZipMstr=ZipMstr19;$(DCC_UnitAlias)</DCC_UnitAlias>
			<VerInfo_IncludeVerInfo>true</VerInfo_IncludeVerInfo>
			<Icon_MainIcon>CobranzasD7_Icon.ico</Icon_MainIcon>
			<DCC_Namespace>System.Win;Data.Win;Datasnap.Win;Web.Win;Soap.Win;Xml.Win;Bde;$(DCC_Namespace)</DCC_Namespace>
			<VerInfo_Locale>1033</VerInfo_Locale>
			<Manifest_File>$(BDS)\bin\default_app.manifest</Manifest_File>
			<VerInfo_Keys>CompanyName=;FileDescription=;FileVersion=1.0.0.0;InternalName=;LegalCopyright=;LegalTrademarks=;OriginalFilename=;ProductName=;ProductVersion=1.0.0.0;Comments=</VerInfo_Keys>
		</PropertyGroup>
		<PropertyGroup Condition="'$(Cfg_1)'!=''">
			<DCC_LocalDebugSymbols>false</DCC_LocalDebugSymbols>
			<DCC_DebugInformation>false</DCC_DebugInformation>
			<DCC_SymbolReferenceInfo>0</DCC_SymbolReferenceInfo>
			<DCC_Define>RELEASE;$(DCC_Define)</DCC_Define>
		</PropertyGroup>
		<PropertyGroup Condition="'$(Cfg_2)'!=''">
			<DCC_Define>DEBUG;$(DCC_Define)</DCC_Define>
			<DCC_GenerateStackFrames>true</DCC_GenerateStackFrames>
		</PropertyGroup>
		<PropertyGroup Condition="'$(Cfg_2_Win32)'!=''">
			<Debugger_RunParams>/clp /debug</Debugger_RunParams>
			<VerInfo_Locale>1033</VerInfo_Locale>
			<VerInfo_Keys>CompanyName=Provincia ART;FileDescription=;FileVersion=1.0.0.0;InternalName=;LegalCopyright=;LegalTrademarks=;OriginalFilename=Cobranzas.exe;ProductName=;ProductVersion=1.0.0.0;Comments=</VerInfo_Keys>
			<Icon_MainIcon>Cobranzas_Icon.ico</Icon_MainIcon>
			<Manifest_File>None</Manifest_File>
			<DCC_MapFile>0</DCC_MapFile>
			<DCC_WIDECHAR_REDUCED>false</DCC_WIDECHAR_REDUCED>
			<DCC_COMPARING_SIGNED_UNSIGNED>false</DCC_COMPARING_SIGNED_UNSIGNED>
			<DCC_IMPLICIT_STRING_CAST_LOSS>false</DCC_IMPLICIT_STRING_CAST_LOSS>
			<DCC_COMBINING_SIGNED_UNSIGNED>false</DCC_COMBINING_SIGNED_UNSIGNED>
			<DCC_SUSPICIOUS_TYPECAST>false</DCC_SUSPICIOUS_TYPECAST>
			<DCC_IMPLICIT_STRING_CAST>false</DCC_IMPLICIT_STRING_CAST>
			<DCC_Namespace>VCLTee;$(DCC_Namespace)</DCC_Namespace>
			<DCC_DcuOutput>C:\delphi\libsXE2\</DCC_DcuOutput>
		</PropertyGroup>
		<ItemGroup>
			<DelphiCompile Include="$(MainSource)">
				<MainSource>MainSource</MainSource>
			</DelphiCompile>
			<DCCReference Include="..\Comunes\unCustomDataModule.pas">
				<Form>dmCustomDataModule</Form>
				<DesignClass>TDataModule</DesignClass>
			</DCCReference>
			<DCCReference Include="..\Comunes\ORACLE\unDmPrincipal.pas">
				<Form>dmPrincipal</Form>
				<DesignClass>TDataModule</DesignClass>
			</DCCReference>
			<DCCReference Include="..\Comunes\ORACLE\unDmFinancials.pas">
				<Form>dmFinancials</Form>
				<DesignClass>TDataModule</DesignClass>
			</DCCReference>
			<DCCReference Include="unPrincipal.pas">
				<Form>frmPrincipal</Form>
			</DCCReference>
			<DCCReference Include="..\Comunes\REPOSIT\unArtFrame.pas">
				<Form>ArtFrame</Form>
				<DesignClass>TFrame</DesignClass>
			</DCCReference>
			<DCCReference Include="..\Comunes\REPOSIT\unArtDBAwareFrame.pas">
				<Form>ArtDBAwareFrame</Form>
				<DesignClass>TFrame</DesignClass>
			</DCCReference>
			<DCCReference Include="..\Comunes\REPOSIT\unArtDbFrame.pas">
				<Form>ArtDbFrame</Form>
				<DesignClass>TFrame</DesignClass>
			</DCCReference>
			<DCCReference Include="..\Comunes\FRAMES\unFraCodigoDescripcion.pas">
				<Form>fraCodigoDescripcion</Form>
				<DesignClass>TFrame</DesignClass>
			</DCCReference>
			<DCCReference Include="..\Comunes\FRAMES\unFraCtbTablas.pas">
				<Form>fraCtbTablas</Form>
				<DesignClass>TFrame</DesignClass>
			</DCCReference>
			<DCCReference Include="..\Comunes\FRAMES\NEW\unFraTrabajador.pas">
				<Form>fraTrabajador</Form>
				<DesignClass>TFrame</DesignClass>
			</DCCReference>
			<DCCReference Include="..\Comunes\FRAMES\NEW\unFraEmpresa.pas">
				<Form>fraEmpresa</Form>
				<DesignClass>TFrame</DesignClass>
			</DCCReference>
			<DCCReference Include="..\Comunes\FRAMES\NEW\unFraEstablecimiento.pas">
				<Form>fraEstablecimiento</Form>
				<DesignClass>TFrame</DesignClass>
			</DCCReference>
			<DCCReference Include="..\..\Comunes\unArtMessages.pas"/>
			<DCCReference Include="..\Comunes\FRAMES\unFraStaticCodigoDescripcion.pas">
				<Form>fraStaticCodigoDescripcion</Form>
				<DesignClass>TFrame</DesignClass>
			</DCCReference>
			<DCCReference Include="..\Comunes\FRAMES\unFraStaticCTB_TABLAS.pas">
				<Form>fraStaticCTB_TABLAS</Form>
				<DesignClass>TFrame</DesignClass>
			</DCCReference>
			<DCCReference Include="..\Comunes\REPOSIT\unCustomConsulta.pas">
				<Form>frmCustomConsulta</Form>
			</DCCReference>
			<DCCReference Include="..\Comunes\REPOSIT\unCustomGridABM.pas">
				<Form>frmCustomGridABM</Form>
			</DCCReference>
			<DCCReference Include="..\Comunes\REPOSIT\unCustomPanelABM.pas">
				<Form>frmCustomPanelABM</Form>
			</DCCReference>
			<DCCReference Include="unConsultaPlanes.pas">
				<Form>frmConsultaPlanes</Form>
			</DCCReference>
			<DCCReference Include="unCargaPreAcuerdos.pas">
				<Form>frmCargaPreAcuerdos</Form>
			</DCCReference>
			<DCCReference Include="unCargaCuotas.pas">
				<Form>frmCargaCuotas</Form>
			</DCCReference>
			<DCCReference Include="..\Comunes\FRAMES\unfraContactoEmpresa.pas">
				<Form>fraContactoEmpresa</Form>
				<DesignClass>TFrame</DesignClass>
			</DCCReference>
			<DCCReference Include="..\Comunes\FRAMES\unfraContacto.pas">
				<Form>fraContacto</Form>
				<DesignClass>TFrame</DesignClass>
			</DCCReference>
			<DCCReference Include="Reports\unQrEstadoCuentaPlan.pas">
				<Form>frmQrEstadoCuenta</Form>
			</DCCReference>
			<DCCReference Include="unCargaDepositoManual.pas">
				<Form>frmCargaDepositoManual</Form>
			</DCCReference>
			<DCCReference Include="..\comunes\forms\unManCodigoMovimiento.pas">
				<Form>frmManCodigoMovimiento</Form>
			</DCCReference>
			<DCCReference Include="unManVencimientoCuota.pas">
				<Form>frmManVencimientoCuota</Form>
			</DCCReference>
			<DCCReference Include="unManInteresPorMora.pas">
				<Form>frmManInteresPorMora</Form>
			</DCCReference>
			<DCCReference Include="Reports\unQrPlanFinanciamiento.pas">
				<Form>frmQrPlanFinanciamiento</Form>
			</DCCReference>
			<DCCReference Include="unConsultaEstadoDeCuenta.pas">
				<Form>frmConsultaEstadoDeCuenta</Form>
			</DCCReference>
			<DCCReference Include="unAdminEstadoDeCuenta.pas">
				<Form>frmAdminEstadoDeCuenta</Form>
			</DCCReference>
			<DCCReference Include="..\Comunes\FRAMES\unfraStaticActividad.pas">
				<Form>fraStaticActividad</Form>
				<DesignClass>TFrame</DesignClass>
			</DCCReference>
			<DCCReference Include="..\Comunes\FRAMES\unfraDireccion.pas">
				<Form>fraDireccion</Form>
				<DesignClass>TFrame</DesignClass>
			</DCCReference>
			<DCCReference Include="..\Comunes\FRAMES\unfraLocalidad.pas">
				<Form>fraLocalidad</Form>
				<DesignClass>TFrame</DesignClass>
			</DCCReference>
			<DCCReference Include="..\Comunes\FRAMES\unFraEntidades.pas">
				<Form>fraEntidades</Form>
				<DesignClass>TFrame</DesignClass>
			</DCCReference>
			<DCCReference Include="..\Comunes\FRAMES\unfraVendedores.pas">
				<Form>fraVendedores</Form>
				<DesignClass>TFrame</DesignClass>
			</DCCReference>
			<DCCReference Include="..\Comunes\Forms\unManCtbTablas.pas">
				<Form>frmManCtbTablas</Form>
			</DCCReference>
			<DCCReference Include="unManCTB_EVCHE.pas">
				<Form>frmManCTB_EVCHE</Form>
			</DCCReference>
			<DCCReference Include="unSeguimientoDeValores.pas">
				<Form>frmSeguimientoDeValores</Form>
			</DCCReference>
			<DCCReference Include="..\Comunes\FRAMES\NEW\unfraEmpresaDeudora.pas">
				<Form>fraEmpresaDeudora</Form>
				<DesignClass>TFrame</DesignClass>
			</DCCReference>
			<DCCReference Include="unAdminReemplazoValores.pas">
				<Form>frmAdminReemplazoValores</Form>
			</DCCReference>
			<DCCReference Include="unVerReemplazos.pas">
				<Form>frmVerReemplazos</Form>
			</DCCReference>
			<DCCReference Include="Reports\unQrEstadoCuentaResumen.pas">
				<Form>frmEstadoCuentaResumen</Form>
			</DCCReference>
			<DCCReference Include="unImpresionEstadoDeCuenta.pas">
				<Form>frmImpresionEstadodeCuenta</Form>
			</DCCReference>
			<DCCReference Include="..\Comunes\FRAMES\NEW\unfraCuentaBancariaRemesa.pas">
				<Form>fraCuentaBancariaRemesa</Form>
				<DesignClass>TFrame</DesignClass>
			</DCCReference>
			<DCCReference Include="Reports\unQrConvenio.pas">
				<Form>qrConvenio</Form>
				<DesignClass>TQuickRep</DesignClass>
			</DCCReference>
			<DCCReference Include="..\Comunes\FRAMES\NEW\unFraUsuario.pas">
				<Form>fraUsuarios</Form>
				<DesignClass>TFrame</DesignClass>
			</DCCReference>
			<DCCReference Include="..\Comunes\FRAMES\NEW\unFraDomicilio.pas">
				<Form>fraDomicilio</Form>
				<DesignClass>TFrame</DesignClass>
			</DCCReference>
			<DCCReference Include="..\Comunes\Forms\unBaseGeneracionCartas.pas">
				<Form>frmBaseGeneracionCartas</Form>
			</DCCReference>
			<DCCReference Include="..\Comunes\FRAMES\unFraToolbarRTF.pas">
				<Form>fraToolbarRTF</Form>
				<DesignClass>TFrame</DesignClass>
			</DCCReference>
			<DCCReference Include="..\Comunes\REPORTS\unRptCartaDocHeader.pas">
				<Form>rptCartaDocHeader</Form>
				<DesignClass>TQuickRep</DesignClass>
			</DCCReference>
			<DCCReference Include="..\Comunes\REPORTS\unRptCartaDocumento.pas">
				<Form>rptCartaDocumento</Form>
				<DesignClass>TQuickRep</DesignClass>
			</DCCReference>
			<DCCReference Include="..\Comunes\Forms\unManCTC_TEXTOCARTA.pas">
				<Form>frmManCTC_TEXTOCARTA</Form>
			</DCCReference>
			<DCCReference Include="..\Comunes\Forms\unManCAT_AREATEXTO.pas">
				<Form>frmManCAT_AREATEXTO</Form>
			</DCCReference>
			<DCCReference Include="..\Comunes\Forms\unManCTB_CODRE.pas">
				<Form>frmManCTB_CODRE</Form>
			</DCCReference>
			<DCCReference Include="..\Comunes\Forms\unManCFI_FIRMA.pas">
				<Form>frmManCFI_FIRMA</Form>
			</DCCReference>
			<DCCReference Include="unReclamoAFIP.pas">
				<Form>frmReclamoAFIP</Form>
			</DCCReference>
			<DCCReference Include="..\..\Comunes\ArtMail.pas"/>
			<DCCReference Include="Reports\unQrEstadoCuentaDetalle.pas">
				<Form>frmEstadoCuentaDetalle</Form>
			</DCCReference>
			<DCCReference Include="unGeneracionCartasEventos.pas">
				<Form>frmGeneracionCartasEventos</Form>
			</DCCReference>
			<DCCReference Include="unGeneracionCartasAdmin.pas">
				<Form>frmGeneracionCartasAdmin</Form>
			</DCCReference>
			<DCCReference Include="..\..\Comunes\unCobranzas.pas"/>
			<DCCReference Include="unIngresoValores.pas">
				<Form>frmIngresoValores</Form>
			</DCCReference>
			<DCCReference Include="..\Comunes\FRAMES\unfraAGC_GESTORCUENTA.pas">
				<Form>fraAGC_GESTORCUENTA</Form>
				<DesignClass>TFrame</DesignClass>
			</DCCReference>
			<DCCReference Include="..\Comunes\FRAMES\NEW\unfraCuentaBancaria.pas">
				<Form>fraCuentaBancaria</Form>
				<DesignClass>TFrame</DesignClass>
			</DCCReference>
			<DCCReference Include="..\Comunes\Forms\unBusquedaDomicilio.pas">
				<Form>frmBusquedaDomicilio</Form>
			</DCCReference>
			<DCCReference Include="..\..\COMUNES\uncomunes.pas"/>
			<DCCReference Include="Compensacion\unCompSelecionAprobacion.pas">
				<Form>frmCompSelecionAprobacion</Form>
			</DCCReference>
			<DCCReference Include="Compensacion\unCompReimpresionCartas.pas">
				<Form>frmCompReimpresionCartas</Form>
			</DCCReference>
			<DCCReference Include="Compensacion\REPORTS\unRptCartaDocCompensacion.pas">
				<Form>rptCartaDocCompensacion</Form>
				<DesignClass>TQuickRep</DesignClass>
			</DCCReference>
			<DCCReference Include="unGestionArmarSelEmpresas.pas">
				<Form>frmGestionArmarSelEmpresas</Form>
			</DCCReference>
			<DCCReference Include="..\Comunes\FRAMES\NEW\unFraDomicilioTrab.pas">
				<Form>fraDomicilioTrab</Form>
				<DesignClass>TFrame</DesignClass>
			</DCCReference>
			<DCCReference Include="..\Comunes\Forms\unEjecutivoCuenta.pas">
				<Form>frmEjecutivoCuenta</Form>
			</DCCReference>
			<DCCReference Include="..\Comunes\Forms\unGestorCuenta.pas">
				<Form>frmGestorCuenta</Form>
			</DCCReference>
			<DCCReference Include="unGestionArrancarAccion.pas">
				<Form>frmGestionArrancarAccion</Form>
			</DCCReference>
			<DCCReference Include="unSeleccionarEmpresasAccion.pas">
				<Form>frmSeleccionarEmpresasAccion</Form>
			</DCCReference>
			<DCCReference Include="Reports\unQRF817.pas">
				<Form>QRF817</Form>
				<DesignClass>TQuickRep</DesignClass>
			</DCCReference>
			<DCCReference Include="Reports\unQRCartaDocIntimacion.pas">
				<Form>QRCartaDocIntimacion</Form>
				<DesignClass>TQuickRep</DesignClass>
			</DCCReference>
			<DCCReference Include="..\Comunes\Forms\unBaseAdministracionCartas.pas">
				<Form>frmBaseAdministracionCartas</Form>
			</DCCReference>
			<DCCReference Include="unCobAdministracionCartas.pas">
				<Form>frmCobAdministracionCartas</Form>
			</DCCReference>
			<DCCReference Include="unConvertirEnConvenio.pas">
				<Form>frmConvertirEnConvenio</Form>
			</DCCReference>
			<DCCReference Include="..\Comunes\FRAMES\NEW\unfraInfoEmpresa.pas">
				<Form>fraInfoEmpresa</Form>
				<DesignClass>TFrame</DesignClass>
			</DCCReference>
			<DCCReference Include="..\Comunes\Forms\unConsultasAdicionales.pas">
				<Form>frmConsultasAdicionales</Form>
			</DCCReference>
			<DCCReference Include="..\ImpoExpo\unImpoExpoWizard.pas">
				<Form>frmImpoExpoWizard</Form>
			</DCCReference>
			<DCCReference Include="Emision\unCargaManualMovimientos.pas">
				<Form>frmCargaManualMovimientos</Form>
			</DCCReference>
			<DCCReference Include="..\Comunes\Forms\unNominaPeriodos.pas">
				<Form>frmNominaPeriodos</Form>
			</DCCReference>
			<DCCReference Include="Reports\unQRCartaAFIP.pas">
				<Form>rptCartaAFIP</Form>
				<DesignClass>TQuickRep</DesignClass>
			</DCCReference>
			<DCCReference Include="unMovimientosVistaPrevia.pas">
				<Form>frmMovimientosVistaPrevia</Form>
			</DCCReference>
			<DCCReference Include="..\Comunes\unVisualizador.pas">
				<Form>frmVisualizador</Form>
			</DCCReference>
			<DCCReference Include="..\..\Comunes\unSesion.pas"/>
			<DCCReference Include="..\Comunes\Envio de Mails\unMoldeEnvioMail.pas"/>
			<DCCReference Include="..\Comunes\unCustomForm.pas">
				<Form>frmCustomForm</Form>
			</DCCReference>
			<DCCReference Include="..\..\Comunes\unEnvioMail.pas"/>
			<DCCReference Include="..\Afiliaciones\TESORERIA\unqrImpresionRecibo.pas">
				<Form>frmValImpresionRecibo</Form>
			</DCCReference>
			<DCCReference Include="..\Comunes\Forms\unLibretaDeDirecciones.pas">
				<Form>frmLibretaDeDirecciones</Form>
			</DCCReference>
			<DCCReference Include="..\comunes\forms\unContratoContacto.pas">
				<Form>frmContratoContacto</Form>
			</DCCReference>
			<DCCReference Include="unEstadoCuenta.pas"/>
			<DCCReference Include="unRecaudacionAnalisis.pas">
				<Form>frmRecaudacionAnalisis</Form>
			</DCCReference>
			<DCCReference Include="..\Comunes\Forms\unEspera.pas">
				<Form>frmEspera</Form>
			</DCCReference>
			<DCCReference Include="..\..\Comunes\unCITRIX.pas"/>
			<DCCReference Include="Compensacion\unCompLstSiniestrosLiberar.pas">
				<Form>QRlibera</Form>
			</DCCReference>
			<DCCReference Include="..\..\Comunes\CustomDlgs.pas"/>
			<DCCReference Include="..\Comunes\FRAMES\NUEVOS\unFraCodDesc.pas">
				<Form>fraCodDesc</Form>
				<DesignClass>TFrame</DesignClass>
			</DCCReference>
			<DCCReference Include="..\Comunes\FRAMES\NEW\unfraEntidadCUIT.pas">
				<Form>fraEntidadCUIT</Form>
				<DesignClass>TFrame</DesignClass>
			</DCCReference>
			<DCCReference Include="..\Comunes\FRAMES\NEW\unfraVendedoresCUIT.pas">
				<Form>fraVendedoresCUIT</Form>
				<DesignClass>TFrame</DesignClass>
			</DCCReference>
			<DCCReference Include="..\Comunes\Forms\unElementosEnviados.pas">
				<Form>frmElementosEnviados</Form>
			</DCCReference>
			<DCCReference Include="..\Comunes\FRAMES\unfraUsuarios.pas">
				<Form>fraUsuario</Form>
				<DesignClass>TFrame</DesignClass>
			</DCCReference>
			<DCCReference Include="..\Afiliaciones\TESORERIA\unTesoreria.pas"/>
			<DCCReference Include="unOpcionesDeImpresion.pas">
				<Form>frmOpcionesDeImpresion</Form>
			</DCCReference>
			<DCCReference Include="..\Comunes\REPOSIT\unCustomGridABMDetalle.pas">
				<Form>frmCustomGridABMDetalle</Form>
			</DCCReference>
			<DCCReference Include="..\Comunes\FRAMES\NEW\unFraTelefono.pas">
				<Form>fraTelefono</Form>
				<DesignClass>TFrame</DesignClass>
			</DCCReference>
			<DCCReference Include="..\Comunes\Forms\unABMTelefonos.pas">
				<Form>frmTelefonos</Form>
			</DCCReference>
			<DCCReference Include="..\..\Comunes\unAlarmas.pas"/>
			<DCCReference Include="..\Comunes\unDebug.pas">
				<Form>frmDebug</Form>
			</DCCReference>
			<DCCReference Include="..\Comunes\Forms\unManCRR_RESPUESTA.pas">
				<Form>frmManCRR_RESPUESTA</Form>
			</DCCReference>
			<DCCReference Include="..\Comunes\Forms\unTelefonosCargaRapida.pas">
				<Form>frmTelefonosCargaRapida</Form>
			</DCCReference>
			<DCCReference Include="unControlImputacion.pas">
				<Form>frmControlImputacion</Form>
			</DCCReference>
			<DCCReference Include="..\Comunes\REPORTS\UnRptMoldeCarta.pas">
				<Form>qrMoldeCarta</Form>
				<DesignClass>TQuickRep</DesignClass>
			</DCCReference>
			<DCCReference Include="Reports\unQrChequesReemplazados.pas">
				<Form>qrChequesReemplazados</Form>
				<DesignClass>TQuickRep</DesignClass>
			</DCCReference>
			<DCCReference Include="unControlImputacionAFIP.pas">
				<Form>frmControlImputacionAFIP</Form>
			</DCCReference>
			<DCCReference Include="unManExclusionContratos.pas">
				<Form>frmManExclusionContratos</Form>
			</DCCReference>
			<DCCReference Include="unEmpresasEstado9.pas">
				<Form>frmEmpresasEstado9</Form>
			</DCCReference>
			<DCCReference Include="unEmpresasRescindidas.pas">
				<Form>frmEmpresasBajaTraspaso</Form>
			</DCCReference>
			<DCCReference Include="unExportaciones.pas">
				<Form>frmExportaciones</Form>
			</DCCReference>
			<DCCReference Include="reports\unQRF801C.pas">
				<Form>QRF801C</Form>
				<DesignClass>TQuickRep</DesignClass>
			</DCCReference>
			<DCCReference Include="..\afiliaciones\tesoreria\unRecibosValorPlanPago.pas">
				<Form>frmRecibosValorPlanPago</Form>
			</DCCReference>
			<DCCReference Include="..\..\comunes\Strfuncs.pas"/>
			<DCCReference Include="..\..\comunes\numeros.pas"/>
			<DCCReference Include="..\..\comunes\unExportPDF.pas"/>
			<DCCReference Include="unManCTBRespReclAFIP.pas">
				<Form>frmManCtbRespReclAFIP</Form>
			</DCCReference>
			<DCCReference Include="..\..\comunes\General.pas"/>
			<DCCReference Include="..\..\comunes\ArchFuncs.pas"/>
			<DCCReference Include="unRemesasAFIP.pas">
				<Form>frmRemesasAFIP</Form>
			</DCCReference>
			<DCCReference Include="..\..\comunes\unImpoExpo.pas"/>
			<DCCReference Include="unManZRP_REDONDEOPLAN.pas">
				<Form>frmManZRP_REDONDEOPLAN</Form>
			</DCCReference>
			<DCCReference Include="unCargaCertificadoRetencion.pas">
				<Form>frmCargaCertificadoRetencion</Form>
			</DCCReference>
			<DCCReference Include="unReversionMovimientos.pas">
				<Form>frmReversionMovimientos</Form>
			</DCCReference>
			<DCCReference Include="..\..\Comunes\SpoolFuncs.pas"/>
			<DCCReference Include="..\comunes\frames\new\unFraDigitalizacion.pas">
				<Form>fraDigitalizacion</Form>
				<DesignClass>TFrame</DesignClass>
			</DCCReference>
			<DCCReference Include="..\comunes\frames\new\unFraRTD_TIPODOCUMENTO.pas">
				<Form>fraRTD_TIPODOCUMENTO</Form>
				<DesignClass>TFrame</DesignClass>
			</DCCReference>
			<DCCReference Include="..\..\Comunes\libgfl.pas"/>
			<DCCReference Include="..\comunes\frames\new\unFraVistaTIFF.pas">
				<Form>fraVistaTIFF</Form>
				<DesignClass>TFrame</DesignClass>
			</DCCReference>
			<DCCReference Include="..\..\Comunes\ungrids.pas"/>
			<DCCReference Include="..\..\Comunes\VCLExtra.pas"/>
			<DCCReference Include="..\comunes\unSeleccionDestinatarios.pas">
				<Form>frmSeleccionDestinatarios</Form>
			</DCCReference>
			<DCCReference Include="unValoresConciliados.pas">
				<Form>frmValoresConciliados</Form>
			</DCCReference>
			<DCCReference Include="unConsultaCancelaciones.pas">
				<Form>frmConsultaCancelaciones</Form>
			</DCCReference>
			<DCCReference Include="..\comunes\forms\unFaxEnviados.pas">
				<Form>frmFaxEnviados</Form>
			</DCCReference>
			<DCCReference Include="..\comunes\forms\unConsFax.pas">
				<Form>frmConsFax</Form>
			</DCCReference>
			<DCCReference Include="..\comunes\frames\unfraFFO_FAXFORMULARIO.pas">
				<Form>fraFFO_FAXFORMULARIO</Form>
				<DesignClass>TFrame</DesignClass>
			</DCCReference>
			<DCCReference Include="..\fax\faxclient_new\unEstrategiaTIFF.pas"/>
			<DCCReference Include="..\comunes\reposit\unCustomPrincipal.pas">
				<Form>frmCustomPrincipal</Form>
			</DCCReference>
			<DCCReference Include="..\archivo_new\abm\unManRDO_DOCUMENTO.pas">
				<Form>frmManRDO_DOCUMENTO</Form>
				<DesignClass>TFSForm</DesignClass>
			</DCCReference>
			<DCCReference Include="..\comunes\frames\new\unfraCPR_PRESTADOR.pas">
				<Form>fraCPR_PRESTADOR</Form>
				<DesignClass>TFrame</DesignClass>
			</DCCReference>
			<DCCReference Include="..\siniestros\unSiniestros.pas"/>
			<DCCReference Include="..\..\comunes\unNovedades.pas"/>
			<DCCReference Include="reports\unQRCartaDocIntimacionNuevaGrilla.pas">
				<Form>QRCartaDocIntimacionNuevaGrilla</Form>
				<DesignClass>TQuickRep</DesignClass>
			</DCCReference>
			<DCCReference Include="unManRedondeosEmision.pas">
				<Form>frmManRedondeosEmision</Form>
				<DesignClass>TFSForm</DesignClass>
			</DCCReference>
			<DCCReference Include="..\comunes\forms\unFormularioValidacionYRectificacionDatosEstablecimientos.pas">
				<Form>frmFormularioValidacionYRectificacionDatosEstablecimientos</Form>
			</DCCReference>
			<DCCReference Include="..\comunes\reports\unRptFormularioValidacionYRectificacionDatosEstablecimientos.pas">
				<Form>qrFormularioValidacionYRectificacionDatosEstablecimientos</Form>
				<DesignClass>TQuickRep</DesignClass>
			</DCCReference>
			<DCCReference Include="..\emision\cliente\unFrmEmpresasABonificar.pas">
				<Form>frmEmpresasABonificar</Form>
				<DesignClass>TFSForm</DesignClass>
			</DCCReference>
			<DCCReference Include="unEmpresasBajaTraspaso.pas">
				<Form>frmEmpresasBajaTraspaso</Form>
			</DCCReference>
			<DCCReference Include="..\emision\comunes\unDmEmision.pas">
				<Form>DmEmision</Form>
				<DesignClass>TDataModule</DesignClass>
			</DCCReference>
			<DCCReference Include="unLibreDeuda.pas">
				<Form>frmLibreDeuda</Form>
				<DesignClass>TFSForm</DesignClass>
			</DCCReference>
			<DCCReference Include="reports\unQrLibreDeuda.pas">
				<Form>qrLibreDeuda</Form>
				<DesignClass>TQuickRep</DesignClass>
			</DCCReference>
			<DCCReference Include="..\comunes\reports\unRptGestionDeReclamos.pas">
				<Form>frmRptGestionDeReclamos</Form>
			</DCCReference>
			<DCCReference Include="..\comunes\frames\new\unFraTrabajadorSiniestro.pas">
				<Form>fraTrabajadorSiniestro</Form>
				<DesignClass>TFrame</DesignClass>
			</DCCReference>
			<DCCReference Include="..\comunes\forms\unVentanillaElectronica.pas">
				<Form>frmVentanillaElectronica</Form>
				<DesignClass>TFSForm</DesignClass>
			</DCCReference>
			<DCCReference Include="unBajaOficioSRTPagos.pas">
				<Form>frmBajaOficioSRTPagos</Form>
			</DCCReference>
			<DCCReference Include="..\comunes\forms\unAgendaTelefonica.pas">
				<Form>frmAgendaTelefonica</Form>
				<DesignClass>TFSForm</DesignClass>
			</DCCReference>
			<DCCReference Include="..\comunes\frames\new\unFraNavegadorWEB.pas">
				<Form>fraNavegadorWEB</Form>
				<DesignClass>TFrame</DesignClass>
			</DCCReference>
			<DCCReference Include="..\comunes\forms\unGoogleMaps.pas">
				<Form>frmGoogleMaps</Form>
			</DCCReference>
			<DCCReference Include="..\comunes\frames\new\unFraDomicilioGIS.pas">
				<Form>fraDomicilioGIS</Form>
				<DesignClass>TFrame</DesignClass>
			</DCCReference>
			<DCCReference Include="..\..\comunes\unExcel.pas"/>
			<DCCReference Include="..\comunes\forms\unManCGI_GIS.pas">
				<Form>frmManCGI_GIS</Form>
				<DesignClass>TFSForm</DesignClass>
			</DCCReference>
			<DCCReference Include="..\comunes\forms\unAnexoRes365.pas">
				<Form>frmAnexoRes365</Form>
			</DCCReference>
			<DCCReference Include="..\..\comunes\OneSession.pas"/>
			<DCCReference Include="..\comunes\reports\unRptAnexoRes365.pas">
				<Form>qrAnexoRes365</Form>
				<DesignClass>TQuickRep</DesignClass>
			</DCCReference>
			<DCCReference Include="unCompensarDeuda.pas">
				<Form>frmCompensarDeuda</Form>
				<DesignClass>TFSForm</DesignClass>
			</DCCReference>
			<DCCReference Include="unNivelAutorizacion.pas">
				<Form>frmNivelAutorizacion</Form>
				<DesignClass>TFSForm</DesignClass>
			</DCCReference>
			<DCCReference Include="..\comunes\reports\unRptEstadisticasRGRL.pas">
				<Form>qrEstadisticasRGRL</Form>
				<DesignClass>TQuickRep</DesignClass>
			</DCCReference>
			<DCCReference Include="..\comunes\reports\unRptRGRL.pas">
				<Form>qrRGRL</Form>
				<DesignClass>TQuickRep</DesignClass>
			</DCCReference>
			<DCCReference Include="..\comunes\forms\unRGRL.pas">
				<Form>frmRGRL</Form>
			</DCCReference>
			<DCCReference Include="..\comunes\frames\new\unFraEmpresaAfi.pas">
				<Form>fraEmpresaAfi</Form>
				<DesignClass>TFrame</DesignClass>
			</DCCReference>
			<DCCReference Include="..\comunes\forms\unManCPG_PLAZOGUARDA.pas">
				<Form>frmManCPG_PLAZOGUARDA</Form>
				<DesignClass>TFSForm</DesignClass>
			</DCCReference>
			<DCCReference Include="..\comunes\forms\unManCTA_TIPOACTIVOS.pas">
				<Form>frmManCTA_TIPOACTIVOS</Form>
				<DesignClass>TFSForm</DesignClass>
			</DCCReference>
			<DCCReference Include="..\comunes\forms\unClasificacionActivos.pas">
				<Form>frmClasificacionActivos</Form>
				<DesignClass>TFSForm</DesignClass>
			</DCCReference>
			<DCCReference Include="unConsultaAutorizaciones.pas">
				<Form>frmConsultaAutorizaciones</Form>
				<DesignClass>TFSForm</DesignClass>
			</DCCReference>
			<DCCReference Include="..\comunes\frames\unfraCodigoDescripcionExt.pas">
				<Form>fraCodigoDescripcionExt</Form>
				<DesignClass>TFrame</DesignClass>
			</DCCReference>
			<DCCReference Include="..\comunes\forms\unSeleccionMultiple.pas">
				<Form>frmSeleccionUsuarios</Form>
				<DesignClass>TFrame</DesignClass>
			</DCCReference>
			<DCCReference Include="..\emision\comunes\unConstEmision.pas"/>
			<DCCReference Include="..\comunes\frames\unfraDelegacion.pas">
				<Form>fraDelegacion</Form>
				<DesignClass>TFrame</DesignClass>
			</DCCReference>
			<DCCReference Include="unCompensarIntereses.pas">
				<Form>frmCompensarIntereses</Form>
				<DesignClass>TFSForm</DesignClass>
			</DCCReference>
			<DCCReference Include="unIndicadoresGestionTel.pas">
				<Form>frmIndicadoresGestionTel</Form>
				<DesignClass>TFSForm</DesignClass>
			</DCCReference>
			<DCCReference Include="unFondoGarantia.pas">
				<Form>frmFondoGarantia</Form>
				<DesignClass>TFSForm</DesignClass>
			</DCCReference>
			<DCCReference Include="unPagosFondoGarantia.pas">
				<Form>frmPagosFondoGarantia</Form>
				<DesignClass>TFSForm</DesignClass>
			</DCCReference>
			<DCCReference Include="unDetallePagosFondoGarantia.pas">
				<Form>frmDetallePagosFondoGarantia</Form>
				<DesignClass>TFSForm</DesignClass>
			</DCCReference>
			<DCCReference Include="reports\unRptDetallePagosFondoGarantia.pas">
				<Form>qrDetallePagosFondoGarantia</Form>
				<DesignClass>TQuickRep</DesignClass>
			</DCCReference>
			<DCCReference Include="..\Comunes\Forms\unManCCP_CUENTAPAGO.pas">
				<Form>frmManCCP_CUENTAPAGO</Form>
			</DCCReference>
			<DCCReference Include="..\Comunes\Forms\unAltaModifCCP_CUENTAPAGO.pas">
				<Form>frmAltaModifCCP_CUENTAPAGO</Form>
			</DCCReference>
			<DCCReference Include="..\afiliaciones\unAfiliaciones.pas"/>
			<DCCReference Include="unDevolPagoExcesoCons.pas">
				<Form>frmDevolPagoExcesoCons</Form>
				<DesignClass>TFSForm</DesignClass>
			</DCCReference>
			<DCCReference Include="unDevolPagoExcesoPagos.pas">
				<Form>frmDevolPagoExcesoPagos</Form>
				<DesignClass>TFSForm</DesignClass>
			</DCCReference>
			<DCCReference Include="unDetallePagosExcesoPagos.pas">
				<Form>frmDetallePagosExcesoPagos</Form>
				<DesignClass>TFSForm</DesignClass>
			</DCCReference>
			<DCCReference Include="reports\unRptDetallePagosExcesoPagos.pas">
				<Form>qrDetallePagosExcesoPagos</Form>
				<DesignClass>TQuickRep</DesignClass>
			</DCCReference>
			<DCCReference Include="..\comunes\forms\unVisor.pas">
				<Form>frmVisor</Form>
			</DCCReference>
			<DCCReference Include="..\comunes\unArchivoVisor.pas"/>
			<DCCReference Include="..\comunes\forms\unVisorPDF.pas">
				<Form>frmVisorPDF</Form>
			</DCCReference>
			<DCCReference Include="..\comunes\forms\unVisorExcel.pas">
				<Form>frmVisorExcel</Form>
			</DCCReference>
			<DCCReference Include="..\comunes\unAyuda.pas">
				<Form>frmAyuda</Form>
			</DCCReference>
			<DCCReference Include="..\archivo_new\unQrEtiquetasDocCarpetas.pas">
				<Form>qrEtiquetasDocCarpetas</Form>
				<DesignClass>TQuickRep</DesignClass>
			</DCCReference>
			<DCCReference Include="..\comunes\reports\unRptPlantillaRGRL.pas">
				<Form>qrPlantillaRGRL</Form>
				<DesignClass>TQuickRep</DesignClass>
			</DCCReference>
			<DCCReference Include="..\comunes\frames\modulosAgenda\unfraVistaEventos.pas">
				<Form>fraVistaEventos</Form>
				<DesignClass>TFrame</DesignClass>
			</DCCReference>
			<DCCReference Include="..\comunes\forms\unABMAgendaBase.pas">
				<Form>frmABMAgendaBase</Form>
			</DCCReference>
			<DCCReference Include="..\comunes\frames\modulosAgenda\unfraContactoAGENDA.pas">
				<Form>fraContactoAGENDA</Form>
				<DesignClass>TFrame</DesignClass>
			</DCCReference>
			<DCCReference Include="..\comunes\frames\modulosAgenda\unfraContactoLibreAGENDA.pas">
				<Form>fraContactoLibreAGENDA</Form>
				<DesignClass>TFrame</DesignClass>
			</DCCReference>
			<DCCReference Include="..\comunes\frames\modulosAgenda\unfraDomicilioAGENDA.pas">
				<Form>fraDomicilioGISAGENDA</Form>
				<DesignClass>TFrame</DesignClass>
			</DCCReference>
			<DCCReference Include="..\comunes\frames\modulosAgenda\unfraDomicilioEmpresaAGENDA.pas">
				<Form>fraDomicilioEmpresaAGENDA</Form>
				<DesignClass>TFrame</DesignClass>
			</DCCReference>
			<DCCReference Include="..\comunes\frames\modulosAgenda\unfraDomicilioEstablecimientoAGENDA.pas">
				<Form>fraDomicilioEstablecimientoAGENDA</Form>
				<DesignClass>TFrame</DesignClass>
			</DCCReference>
			<DCCReference Include="..\comunes\frames\modulosAgenda\unfraEmpresaAGENDA.pas">
				<Form>fraEmpresaAGENDA</Form>
				<DesignClass>TFrame</DesignClass>
			</DCCReference>
			<DCCReference Include="..\comunes\frames\modulosAgenda\unfraEntidadAGENDA.pas">
				<Form>fraEntidadAGENDA</Form>
				<DesignClass>TFrame</DesignClass>
			</DCCReference>
			<DCCReference Include="..\comunes\frames\modulosAgenda\unfraEntidadVendedorAGENDA.pas">
				<Form>fraEntidadVendedorAGENDA</Form>
				<DesignClass>TFrame</DesignClass>
			</DCCReference>
			<DCCReference Include="..\comunes\frames\modulosAgenda\unfraEstablecimientoAGENDA.pas">
				<Form>fraEstablecimientoAGENDA</Form>
				<DesignClass>TFrame</DesignClass>
			</DCCReference>
			<DCCReference Include="..\comunes\frames\modulosAgenda\unfraNumAutoAGENDA.pas">
				<Form>fraNumAutoAGENDA</Form>
				<DesignClass>TFrame</DesignClass>
			</DCCReference>
			<DCCReference Include="..\comunes\frames\modulosAgenda\unfraPrestadorAGENDA.pas">
				<Form>fraPrestadorAGENDA</Form>
				<DesignClass>TFrame</DesignClass>
			</DCCReference>
			<DCCReference Include="..\comunes\frames\modulosAgenda\unfraProspectosAGENDA.pas">
				<Form>fraProspectosAGENDA</Form>
				<DesignClass>TFrame</DesignClass>
			</DCCReference>
			<DCCReference Include="..\comunes\frames\modulosAgenda\unfraTrabajadorAGENDA.pas">
				<Form>fraTrabajadorAGENDA</Form>
				<DesignClass>TFrame</DesignClass>
			</DCCReference>
			<DCCReference Include="..\comunes\frames\modulosAgenda\unfraTrabajadorSiniestroAGENDA.pas">
				<Form>fraTrabajadorSiniestroAGENDA</Form>
				<DesignClass>TFrame</DesignClass>
			</DCCReference>
			<DCCReference Include="..\comunes\frames\modulosAgenda\unfraVendedorAGENDA.pas">
				<Form>fraVendedorAGENDA</Form>
				<DesignClass>TFrame</DesignClass>
			</DCCReference>
			<DCCReference Include="..\comunes\forms\unABMAgendaBaseTarea.pas">
				<Form>frmABMAgendaBaseTarea</Form>
			</DCCReference>
			<DCCReference Include="..\comunes\forms\unABMAgendaBaseEvento.pas">
				<Form>frmABMAgendaBaseEvento</Form>
			</DCCReference>
			<DCCReference Include="..\afiliaciones\unContratoTrabajador.pas">
				<Form>frmContratoTrabajador</Form>
			</DCCReference>
			<DCCReference Include="..\comunes\frames\unFraActividad.pas">
				<Form>fraActividad</Form>
				<DesignClass>TFrame</DesignClass>
			</DCCReference>
			<DCCReference Include="..\comunes\frames\new\unfraInfoEmpresaExt.pas">
				<Form>fraInfoEmpresaExt</Form>
				<DesignClass>TFrame</DesignClass>
			</DCCReference>
			<DCCReference Include="..\comunes\frames\new\unFraDomicilioEmpresa.pas">
				<Form>fraDomicilioEmpresa</Form>
				<DesignClass>TFrame</DesignClass>
			</DCCReference>
			<DCCReference Include="..\comunes\frames\new\unFraValidacionDatosEmpresa.pas">
				<Form>fraValidacionDatosEmpresa</Form>
				<DesignClass>TFrame</DesignClass>
			</DCCReference>
			<DCCReference Include="..\comunes\frames\nuevos\unFraTitulo.pas">
				<Form>fraTitulo</Form>
				<DesignClass>TFrame</DesignClass>
			</DCCReference>
			<DCCReference Include="..\comunes\frames\new\unFraUsuarioConJerarquias.pas">
				<Form>fraUsuarioConJerarquias</Form>
				<DesignClass>TFrame</DesignClass>
			</DCCReference>
			<DCCReference Include="..\comunes\frames\new\unFraUsuarioConSectorIntranet.pas">
				<Form>fraUsuarioConSectorIntranet</Form>
				<DesignClass>TFrame</DesignClass>
			</DCCReference>
			<DCCReference Include="..\usuarios\unArbolSectores.pas">
				<Form>frmArbolSectores</Form>
			</DCCReference>
			<DCCReference Include="..\afiliaciones\unEstablecimientosTrabajador.pas">
				<Form>frmEstablecimientosTrabajador</Form>
			</DCCReference>
			<DCCReference Include="..\siniestros\unDlgBusSiniestro.pas">
				<Form>frmDlgBusSiniestro</Form>
				<DesignClass>TFSForm</DesignClass>
			</DCCReference>
			<DCCReference Include="..\comunes\forms\unAgendaVistaEmpresa.pas">
				<Form>frmAgendaVistaEmpresa</Form>
			</DCCReference>
			<DCCReference Include="..\comunes\forms\unAgendaCargaConsulta.pas">
				<Form>frmAgendaCargaConsulta</Form>
			</DCCReference>
			<DCCReference Include="..\..\comunes\unFiltros.pas"/>
			<DCCReference Include="..\..\comunes\unArt.pas"/>
			<DCCReference Include="..\..\comunes\DateTimeFuncs.pas"/>
			<DCCReference Include="..\comunes\frames\new\unFraCanal.pas">
				<Form>fraCanal</Form>
				<DesignClass>TFrame</DesignClass>
			</DCCReference>
			<DCCReference Include="..\comunes\frames\unfraSectores.pas">
				<Form>fraSectores</Form>
				<DesignClass>TFrame</DesignClass>
			</DCCReference>
			<DCCReference Include="..\..\comunes\interfaces\unInterfaces.pas"/>
			<DCCReference Include="..\..\comunes\interfaces\unAgenda.pas"/>
			<DCCReference Include="..\..\comunes\unSIC.pas"/>
			<DCCReference Include="..\comunes\forms\unSeleccionTareas.pas">
				<Form>frmSeleccionTareas</Form>
			</DCCReference>
			<DCCReference Include="..\comunes\forms\unDatosSiniestro.pas">
				<Form>frmDatosSiniestro</Form>
			</DCCReference>
			<DCCReference Include="..\hys\unSeleccionResponsableHYS.pas">
				<Form>frmSeleccionResponsableHYS</Form>
				<DesignClass>TFSForm</DesignClass>
			</DCCReference>
			<DCCReference Include="..\archivo_new\unArchivo.pas"/>
			<DCCReference Include="..\archivo_new\unConstantArchivo.pas"/>
			<DCCReference Include="unNivelAutorizacionBonif.pas">
				<Form>frmNivelAutorizacionBonif</Form>
				<DesignClass>TFSForm</DesignClass>
			</DCCReference>
			<DCCReference Include="..\archivo_new\unFrmConsultaCarpetas.pas">
				<Form>FrmConsultaCarpetas</Form>
				<DesignClass>TFSForm</DesignClass>
			</DCCReference>
			<DCCReference Include="..\archivo_new\unFrmSolicitudCarpeta.pas">
				<Form>FrmSolicitudCarpeta</Form>
				<DesignClass>TFSForm</DesignClass>
			</DCCReference>
			<DCCReference Include="..\archivo_new\unQrEtiquetasCarpetas.pas">
				<Form>qrEtiquetasCarpetas</Form>
				<DesignClass>TQuickRep</DesignClass>
			</DCCReference>
			<DCCReference Include="..\archivo_new\frames\unFraDetalleArchivo.pas">
				<Form>fraDetalleArchivo</Form>
				<DesignClass>TFrame</DesignClass>
			</DCCReference>
			<DCCReference Include="..\archivo_new\unFrmDetalleArchivo.pas">
				<Form>FrmDetalleArchivo</Form>
			</DCCReference>
			<DCCReference Include="..\archivo_new\unMovimientoCarpetas.pas">
				<Form>frmMovimientoCarpetas</Form>
			</DCCReference>
			<DCCReference Include="..\archivo_new\unFrmCargaDocumentacion.pas">
				<Form>frmCargaDocumentacion</Form>
			</DCCReference>
			<DCCReference Include="..\archivo_new\unQrDetalleLoteEstudio.pas">
				<Form>QrDetalleLoteEstudio</Form>
			</DCCReference>
			<DCCReference Include="..\archivo_new\unReemplazoCarpetas.pas">
				<Form>frmReemplazoCarpetas</Form>
			</DCCReference>
			<DCCReference Include="..\archivo_new\unfrmUbicacionActual.pas">
				<Form>FrmUbicacionActual</Form>
			</DCCReference>
			<DCCReference Include="..\archivo_new\frames\unFraFiltroArchivo.pas">
				<Form>fraFiltroArchivo</Form>
				<DesignClass>TFrame</DesignClass>
			</DCCReference>
			<DCCReference Include="..\archivo_new\frames\unfraArchJuicio.pas">
				<Form>fraArchJuicio</Form>
				<DesignClass>TFrame</DesignClass>
			</DCCReference>
			<DCCReference Include="..\comunes\frames\new\unfraProveedor.pas">
				<Form>fraProveedor</Form>
				<DesignClass>TFrame</DesignClass>
			</DCCReference>
			<DCCReference Include="..\comunes\unCapturarCodigoBarras.pas">
				<Form>frmCapturarCodigoBarras</Form>
			</DCCReference>
			<DCCReference Include="..\comunes\unImportFromSRTReclamos.pas">
				<Form>frmImportFromSRTReclamos</Form>
			</DCCReference>
			<DCCReference Include="..\comunes\frames\unfraPrestador.pas">
				<Form>fraPrestador</Form>
				<DesignClass>TFrame</DesignClass>
			</DCCReference>
			<DCCReference Include="..\comunes\reposit\unCustomSplash.pas">
				<Form>frmCustomSplash</Form>
			</DCCReference>
			<DCCReference Include="..\comunes\forms\unWelcomeSplash.pas">
				<Form>frmWelcomeSplash</Form>
			</DCCReference>
			<DCCReference Include="unAnularcionRemesas.pas">
				<Form>frmAnularcionRemesas</Form>
				<DesignClass>TFSForm</DesignClass>
			</DCCReference>
			<DCCReference Include="unDetalleRemesa.pas">
				<Form>frmDetalleRemesa</Form>
				<DesignClass>TFSForm</DesignClass>
			</DCCReference>
			<DCCReference Include="..\..\paquetes\ExportDialog.pas"/>
			<DCCReference Include="..\comunes\forms\unCargaDocumentosDigitaliz.pas">
				<Form>frmCargaDocumentosDigitaliz</Form>
			</DCCReference>
			<DCCReference Include="..\comunes\frames\new\unFraEmpresaSolicitud.pas">
				<Form>fraEmpresaSolicitud</Form>
				<DesignClass>TFrame</DesignClass>
			</DCCReference>
			<DCCReference Include="..\comunes\frames\modulosagenda\unfraEmpresaSolicitudAGENDA.pas">
				<Form>fraEmpresaSolicitudAGENDA</Form>
				<DesignClass>TFrame</DesignClass>
			</DCCReference>
			<DCCReference Include="..\archivo_new\unQrDetalleRemitoDevolucion.pas">
				<Form>QrDetalleRemitoDevolucion</Form>
			</DCCReference>
			<DCCReference Include="..\comunes\frames\unfraFirmante.pas">
				<Form>fraFirmante</Form>
				<DesignClass>TFrame</DesignClass>
			</DCCReference>
			<DCCReference Include="..\comunes\forms\unManCVS_VENTANILLA_SUBTEMAS.pas">
				<Form>frmManCVS_VENTANILLA_SUBTEMAS</Form>
				<DesignClass>TFSForm</DesignClass>
			</DCCReference>
			<DCCReference Include="..\comunes\frames\modulosagenda\unfraDatoFechaAGENDA.pas">
				<Form>fraDatoFecha</Form>
				<DesignClass>TFrame</DesignClass>
			</DCCReference>
			<DCCReference Include="unHistoricoPlanesPago.pas">
				<Form>frmHistoricoPlanesPago</Form>
				<DesignClass>TFSForm</DesignClass>
			</DCCReference>
			<DCCReference Include="unSeguimientoProcesos.pas">
				<Form>frmSeguimientoProcesos</Form>
				<DesignClass>TFSForm</DesignClass>
			</DCCReference>
			<DCCReference Include="unConsultaBonificaciones.pas">
				<Form>frmConsultaBonificaciones</Form>
				<DesignClass>TFSForm</DesignClass>
			</DCCReference>
			<DCCReference Include="reports\unRptBonificacionesCuota.pas">
				<Form>qrBonificacionesCuota</Form>
				<DesignClass>TQuickRep</DesignClass>
			</DCCReference>
			<DCCReference Include="reports\unRptPlanesPago.pas">
				<Form>qrPlanesPago</Form>
				<DesignClass>TQuickRep</DesignClass>
			</DCCReference>
			<DCCReference Include="..\archivo_new\unFrmArmadoLote.pas">
				<Form>FrmArmadoLote</Form>
				<DesignClass>TFSForm</DesignClass>
			</DCCReference>
			<DCCReference Include="..\archivo_new\unQrDetalleLote.pas">
				<Form>QrDetalleLote</Form>
			</DCCReference>
			<DCCReference Include="..\archivo_new\unRptResumenLotes.pas">
				<Form>qrResumenLotes</Form>
				<DesignClass>TQuickRep</DesignClass>
			</DCCReference>
			<DCCReference Include="..\archivo_new\unVerImagenes.pas">
				<Form>frmVerImagenes</Form>
			</DCCReference>
			<DCCReference Include="..\afiliaciones\comisiones\unComisiones.pas"/>
			<DCCReference Include="..\archivo_new\unMensajeAlertaAGA.pas"/>
			<DCCReference Include="..\Comunes\FRAMES\unFraSDA_DETALLEARCHIVO.pas">
				<Form>fraSDA_DETALLEARCHIVO</Form>
				<DesignClass>TFrame</DesignClass>
			</DCCReference>
			<DCCReference Include="..\..\comunes\unMensajeAlerta.pas"/>
			<DCCReference Include="..\archivo_new\unUtilsArchivo.pas"/>
			<DCCReference Include="..\archivo_new\unComunesArchivo.pas"/>
			<DCCReference Include="..\comunes\frames\new\unFraGIS_APIv3.pas">
				<Form>fraGIS_APIv3</Form>
				<DesignClass>TFrame</DesignClass>
			</DCCReference>
			<DCCReference Include="..\..\comunes\unGIS.pas"/>
			<DCCReference Include="..\comunes\frames\new\unFraWebBrowser.pas">
				<Form>fraWebBrowser</Form>
				<DesignClass>TFrame</DesignClass>
			</DCCReference>
			<DCCReference Include="..\comunes\forms\unEsperaSimple.pas">
				<Form>frmEsperaSimple</Form>
			</DCCReference>
			<DCCReference Include="..\comunes\frames\new\unfraFirmantes.pas">
				<Form>fraFirmantes</Form>
				<DesignClass>TFrame</DesignClass>
			</DCCReference>
			<DCCReference Include="..\redpres\UnFirmantes.pas">
				<Form>frmFirmantes</Form>
			</DCCReference>
			<DCCReference Include="..\..\comunes\unImportCryptoSrt.pas"/>
			<DCCReference Include="..\afiliaciones\unSeleccionarCarpetaSRT.pas">
				<Form>frmSeleccionarCarpetaSRT</Form>
			</DCCReference>
			<DCCReference Include="..\comunes\forms\unEnvioSMS.pas">
				<Form>frmEnvioSMS</Form>
			</DCCReference>
			<DCCReference Include="..\..\comunes\unSMS.pas"/>
			<DCCReference Include="..\comunes\IArtMail.pas"/>
			<DCCReference Include="..\redpres\reports\unRptRemitoCartas.pas">
				<Form>qrRemitoCartas</Form>
				<DesignClass>TQuickRep</DesignClass>
			</DCCReference>
			<DCCReference Include="..\emision\cliente\unFrmEmpresasRegla.pas"/>
			<DCCReference Include="..\comunes\frames\new\unFraTipoRegimen.pas">
				<Form>fraTipoRegimen</Form>
				<DesignClass>TFrame</DesignClass>
			</DCCReference>
			<DCCReference Include="unMovimientosCUILAFIP.pas">
				<Form>frmMovimientosCUILAFIP</Form>
				<FormType>dfm</FormType>
				<DesignClass>TFSForm</DesignClass>
			</DCCReference>
			<DCCReference Include="..\emision\comunes\unFuncionesEmision.pas"/>
			<DCCReference Include="unManParametros.pas">
				<Form>frmManParametros</Form>
				<FormType>dfm</FormType>
				<DesignClass>TFSForm</DesignClass>
			</DCCReference>
			<DCCReference Include="reports\unRptCompensacionesDepositar.pas">
				<Form>RptCompensacionesDepositar</Form>
				<FormType>dfm</FormType>
			</DCCReference>
			<DCCReference Include="..\afiliaciones\abm\unManAGC_GESTORCUENTA.pas">
				<Form>frmManAGC_GESTORCUENTA</Form>
				<DesignClass>TFSForm</DesignClass>
			</DCCReference>
			<DCCReference Include="..\afiliaciones\unComisionGestor.pas">
				<Form>frmComisionGestor</Form>
			</DCCReference>
			<DCCReference Include="..\comunes\forms\unDocumentacion.pas">
				<Form>frmDocumentacion</Form>
				<DesignClass>TFSForm</DesignClass>
			</DCCReference>
			<DCCReference Include="..\comunes\forms\unRemitoDocumentacion.pas">
				<Form>frmRemitoDocumentacion</Form>
			</DCCReference>
			<DCCReference Include="..\comunes\forms\unHistoricoDocumentacion.pas">
				<Form>frmHistoricoDocumentacion</Form>
				<DesignClass>TFSForm</DesignClass>
			</DCCReference>
			<DCCReference Include="..\comunes\reports\unLstRemitosnoRecepcionados.pas">
				<Form>frmLstRemitosnoRecepcionados</Form>
			</DCCReference>
			<DCCReference Include="..\comunes\unChat.pas">
				<Form>frmChat</Form>
			</DCCReference>
			<DCCReference Include="..\comunes\forms\unEnviosVentanillaElectronica.pas">
				<Form>frmEnviosVentanillaElectronica</Form>
				<DesignClass>TFSForm</DesignClass>
			</DCCReference>
			<RcItem Include="resources\LOGO_2009_BYN_CHICO.dib">
				<ContainerId>ResourceItem</ContainerId>
				<ResourceType>BITMAP</ResourceType>
				<ResourceId>LOGO_2009_BYN_CHICO</ResourceId>
			</RcItem>
			<RcItem Include="resources\LOGO_ART.dib">
				<ContainerId>ResourceItem</ContainerId>
				<ResourceType>BITMAP</ResourceType>
				<ResourceId>LOGO_ART</ResourceId>
			</RcItem>
			<RcItem Include="resources\LOGO_GBP.dib">
				<ContainerId>ResourceItem</ContainerId>
				<ResourceType>BITMAP</ResourceType>
				<ResourceId>LOGO_GBP</ResourceId>
			</RcItem>
			<RcItem Include="resources\LOGO_PART.dib">
				<ContainerId>ResourceItem</ContainerId>
				<ResourceType>BITMAP</ResourceType>
				<ResourceId>LOGO_PART</ResourceId>
			</RcItem>
			<RcItem Include="resources\reloj.avi">
				<ContainerId>ResourceItem</ContainerId>
				<ResourceType>AVI</ResourceType>
				<ResourceId>RELOJ</ResourceId>
			</RcItem>
			<RcItem Include="resources\SPLASH.dib">
				<ContainerId>ResourceItem</ContainerId>
				<ResourceType>BITMAP</ResourceType>
				<ResourceId>SPLASH</ResourceId>
			</RcItem>
			<BuildConfiguration Include="Debug">
				<Key>Cfg_2</Key>
				<CfgParent>Base</CfgParent>
			</BuildConfiguration>
			<BuildConfiguration Include="Base">
				<Key>Base</Key>
			</BuildConfiguration>
			<BuildConfiguration Include="Release">
				<Key>Cfg_1</Key>
				<CfgParent>Base</CfgParent>
			</BuildConfiguration>
		</ItemGroup>
		<ProjectExtensions>
			<Borland.Personality>Delphi.Personality.12</Borland.Personality>
			<Borland.ProjectType/>
			<BorlandProject>
				<Delphi.Personality>
					<Source>
						<Source Name="MainSource">Cobranzas.dpr</Source>
					</Source>
					<VersionInfo>
						<VersionInfo Name="IncludeVerInfo">True</VersionInfo>
						<VersionInfo Name="AutoIncBuild">False</VersionInfo>
						<VersionInfo Name="MajorVer">1</VersionInfo>
						<VersionInfo Name="MinorVer">0</VersionInfo>
						<VersionInfo Name="Release">0</VersionInfo>
						<VersionInfo Name="Build">0</VersionInfo>
						<VersionInfo Name="Debug">False</VersionInfo>
						<VersionInfo Name="PreRelease">False</VersionInfo>
						<VersionInfo Name="Special">False</VersionInfo>
						<VersionInfo Name="Private">False</VersionInfo>
						<VersionInfo Name="DLL">False</VersionInfo>
						<VersionInfo Name="Locale">11274</VersionInfo>
						<VersionInfo Name="CodePage">1252</VersionInfo>
					</VersionInfo>
					<VersionInfoKeys>
						<VersionInfoKeys Name="CompanyName">Provincia ART</VersionInfoKeys>
						<VersionInfoKeys Name="FileDescription"/>
						<VersionInfoKeys Name="FileVersion">1.0.0.0</VersionInfoKeys>
						<VersionInfoKeys Name="InternalName"/>
						<VersionInfoKeys Name="LegalCopyright"/>
						<VersionInfoKeys Name="LegalTrademarks"/>
						<VersionInfoKeys Name="OriginalFilename">COBRANZAS</VersionInfoKeys>
						<VersionInfoKeys Name="ProductName"/>
						<VersionInfoKeys Name="ProductVersion">1.0.0.0</VersionInfoKeys>
						<VersionInfoKeys Name="Comments"/>
					</VersionInfoKeys>
					<Excluded_Packages>
						<Excluded_Packages Name="$(BDSBIN)\dcloffice2k160.bpl">Microsoft Office 2000 Sample Automation Server Wrapper Components</Excluded_Packages>
						<Excluded_Packages Name="C:\Program Files\FastReports\LibD16\dclfrxDB16.bpl">FastReport 4.0 DB Components</Excluded_Packages>
						<Excluded_Packages Name="$(BDSBIN)\bcboffice2k160.bpl">Embarcadero C++Builder Office 2000 Servers Package</Excluded_Packages>
						<Excluded_Packages Name="$(BDSBIN)\bcbofficexp160.bpl">Embarcadero C++Builder Office XP Servers Package</Excluded_Packages>
						<Excluded_Packages Name="$(BDSBIN)\dclofficexp160.bpl">Microsoft Office XP Sample Automation Server Wrapper Components</Excluded_Packages>
					</Excluded_Packages>
				</Delphi.Personality>
				<Platforms>
					<Platform value="Win64">False</Platform>
					<Platform value="Win32">True</Platform>
				</Platforms>
			</BorlandProject>
			<ProjectFileVersion>12</ProjectFileVersion>
		</ProjectExtensions>
		<Import Condition="Exists('$(BDS)\Bin\CodeGear.Delphi.Targets')" Project="$(BDS)\Bin\CodeGear.Delphi.Targets"/>
		<Import Condition="Exists('$(APPDATA)\Embarcadero\$(BDSAPPDATABASEDIR)\$(PRODUCTVERSION)\UserTools.proj')" Project="$(APPDATA)\Embarcadero\$(BDSAPPDATABASEDIR)\$(PRODUCTVERSION)\UserTools.proj"/>
	</Project>
