	<Project xmlns="http://schemas.microsoft.com/developer/msbuild/2003">
		<PropertyGroup>
			<ProjectGuid>{AB8F507A-A4F4-442A-80E0-B66752E61477}</ProjectGuid>
			<MainSource>Dinerarias.dpr</MainSource>
			<Base>True</Base>
			<Config Condition="'$(Config)'==''">Debug</Config>
			<TargetedPlatforms>1</TargetedPlatforms>
			<AppType>Application</AppType>
			<FrameworkType>VCL</FrameworkType>
			<ProjectVersion>13.4</ProjectVersion>
			<Platform Condition="'$(Platform)'==''">Win32</Platform>
		</PropertyGroup>
		<PropertyGroup Condition="'$(Config)'=='Base' or '$(Base)'!=''">
			<Base>true</Base>
		</PropertyGroup>
		<PropertyGroup Condition="('$(Platform)'=='Win64' and '$(Base)'=='true') or '$(Base_Win64)'!=''">
			<Base_Win64>true</Base_Win64>
			<CfgParent>Base</CfgParent>
			<Base>true</Base>
		</PropertyGroup>
		<PropertyGroup Condition="('$(Platform)'=='Win32' and '$(Base)'=='true') or '$(Base_Win32)'!=''">
			<Base_Win32>true</Base_Win32>
			<CfgParent>Base</CfgParent>
			<Base>true</Base>
		</PropertyGroup>
		<PropertyGroup Condition="'$(Config)'=='Release' or '$(Cfg_1)'!=''">
			<Cfg_1>true</Cfg_1>
			<CfgParent>Base</CfgParent>
			<Base>true</Base>
		</PropertyGroup>
		<PropertyGroup Condition="'$(Config)'=='Debug' or '$(Cfg_2)'!=''">
			<Cfg_2>true</Cfg_2>
			<CfgParent>Base</CfgParent>
			<Base>true</Base>
		</PropertyGroup>
		<PropertyGroup Condition="('$(Platform)'=='Win32' and '$(Cfg_2)'=='true') or '$(Cfg_2_Win32)'!=''">
			<Cfg_2_Win32>true</Cfg_2_Win32>
			<CfgParent>Cfg_2</CfgParent>
			<Cfg_2>true</Cfg_2>
			<Base>true</Base>
		</PropertyGroup>
		<PropertyGroup Condition="'$(Base)'!=''">
			<DCC_UsePackage>VCL;RTL;$(DCC_UsePackage)</DCC_UsePackage>
			<DCC_ImageBase>00400000</DCC_ImageBase>
			<VerInfo_Keys>CompanyName=Provincia ART;FileDescription=Aplicación de Prestaciones Dinerarias;FileVersion=1.0.0.0;InternalName=Dinerarias;LegalCopyright=;LegalTrademarks=;OriginalFilename=Dinerarias.exe;ProductName=;ProductVersion=1.0.0.0;Comments=</VerInfo_Keys>
			<DCC_UNIT_LIBRARY>false</DCC_UNIT_LIBRARY>
			<DCC_SYMBOL_LIBRARY>false</DCC_SYMBOL_LIBRARY>
			<DCC_SYMBOL_PLATFORM>false</DCC_SYMBOL_PLATFORM>
			<DCC_UNIT_DEPRECATED>false</DCC_UNIT_DEPRECATED>
			<DCC_Namespace>Vcl;Vcl.Imaging;Vcl.Touch;Vcl.Samples;Vcl.Shell;System;Xml;Data;Datasnap;Web;Soap;Winapi;FMXTee.Editor;System.Win;$(DCC_Namespace)</DCC_Namespace>
			<DCC_Define>ART2;ARTUTILS;ICONOS_SIST_NUEVO;NEW_LOCKCOLORS;ORACLE;DINERARIAS;SQLDIRECT6.2;$(DCC_Define)</DCC_Define>
			<DCC_ExeOutput>C:\DELPHI\EXES</DCC_ExeOutput>
			<VerInfo_IncludeVerInfo>true</VerInfo_IncludeVerInfo>
			<DCC_N>true</DCC_N>
			<DCC_K>false</DCC_K>
			<DCC_S>false</DCC_S>
			<DCC_SYMBOL_DEPRECATED>false</DCC_SYMBOL_DEPRECATED>
			<DCC_UNIT_PLATFORM>false</DCC_UNIT_PLATFORM>
			<DCC_F>false</DCC_F>
			<DCC_SymbolReferenceInfo>1</DCC_SymbolReferenceInfo>
			<DCC_HIDDEN_VIRTUAL>false</DCC_HIDDEN_VIRTUAL>
			<DCC_DcuOutput>C:\DELPHI\LIBSD7</DCC_DcuOutput>
			<DCC_E>false</DCC_E>
			<VerInfo_Locale>11274</VerInfo_Locale>
		</PropertyGroup>
		<PropertyGroup Condition="'$(Base_Win64)'!=''">
			<Icon_MainIcon>Dinerarias_Icon.ico</Icon_MainIcon>
		</PropertyGroup>
		<PropertyGroup Condition="'$(Base_Win32)'!=''">
			<VerInfo_IncludeVerInfo>true</VerInfo_IncludeVerInfo>
			<Icon_MainIcon>Dinerarias_Icon.ico</Icon_MainIcon>
			<DCC_Namespace>Data.Win;Datasnap.Win;Web.Win;Soap.Win;Xml.Win;Bde;$(DCC_Namespace)</DCC_Namespace>
			<VerInfo_Locale>1033</VerInfo_Locale>
			<Manifest_File>$(BDS)\bin\default_app.manifest</Manifest_File>
			<VerInfo_Keys>CompanyName=;FileDescription=;FileVersion=1.0.0.0;InternalName=;LegalCopyright=;LegalTrademarks=;OriginalFilename=;ProductName=;ProductVersion=1.0.0.0;Comments=</VerInfo_Keys>
		</PropertyGroup>
		<PropertyGroup Condition="'$(Cfg_1)'!=''">
			<DCC_LocalDebugSymbols>false</DCC_LocalDebugSymbols>
			<DCC_DebugInformation>false</DCC_DebugInformation>
			<DCC_SymbolReferenceInfo>0</DCC_SymbolReferenceInfo>
			<DCC_Define>RELEASE;$(DCC_Define)</DCC_Define>
		</PropertyGroup>
		<PropertyGroup Condition="'$(Cfg_2)'!=''">
			<DCC_Define>DEBUG;$(DCC_Define)</DCC_Define>
			<DCC_Optimize>false</DCC_Optimize>
			<DCC_GenerateStackFrames>true</DCC_GenerateStackFrames>
		</PropertyGroup>
		<PropertyGroup Condition="'$(Cfg_2_Win32)'!=''">
			<VerInfo_Keys>CompanyName=Provincia A.R.T.;FileDescription=;FileVersion=1.0.0.0;InternalName=;LegalCopyright=;LegalTrademarks=;OriginalFilename=dinerarias;ProductName=;ProductVersion=1.0.0.0;Comments=</VerInfo_Keys>
			<Manifest_File>None</Manifest_File>
			<DCC_UnitAlias>Placemnt=rxPlacemnt;ToolEdit=rxToolEdit;CurrEdit=rxCurrEdit;AppUtils=rxAppUtils;MemTable=rxMemTable;DBRichEd=rxDBRichEd;DateUtil=rxDateUtil;ZipMstr=ZipMstr19;$(DCC_UnitAlias)</DCC_UnitAlias>
			<VerInfo_Locale>1033</VerInfo_Locale>
			<DCC_WIDECHAR_REDUCED>false</DCC_WIDECHAR_REDUCED>
			<DCC_COMPARING_SIGNED_UNSIGNED>false</DCC_COMPARING_SIGNED_UNSIGNED>
			<DCC_IMPLICIT_STRING_CAST_LOSS>false</DCC_IMPLICIT_STRING_CAST_LOSS>
			<DCC_COMBINING_SIGNED_UNSIGNED>false</DCC_COMBINING_SIGNED_UNSIGNED>
			<DCC_SUSPICIOUS_TYPECAST>false</DCC_SUSPICIOUS_TYPECAST>
			<DCC_IMPLICIT_STRING_CAST>false</DCC_IMPLICIT_STRING_CAST>
			<DCC_Namespace>VCLTee;$(DCC_Namespace)</DCC_Namespace>
			<DCC_DcuOutput>C:\delphi\libsXE2\</DCC_DcuOutput>
		</PropertyGroup>
		<ItemGroup>
			<DelphiCompile Include="$(MainSource)">
				<MainSource>MainSource</MainSource>
			</DelphiCompile>
			<DCCReference Include="unPrincipal.pas">
				<Form>frmPrincipal</Form>
			</DCCReference>
			<DCCReference Include="..\comunes\unCustomDataModule.pas">
				<Form>dmCustomDataModule</Form>
				<DesignClass>TDataModule</DesignClass>
			</DCCReference>
			<DCCReference Include="..\comunes\reposit\unCustomConsulta.pas">
				<Form>frmCustomConsulta</Form>
				<DesignClass>TFSForm</DesignClass>
			</DCCReference>
			<DCCReference Include="..\comunes\unDebug.pas">
				<Form>frmDebug</Form>
			</DCCReference>
			<DCCReference Include="..\comunes\forms\unEspera.pas">
				<Form>frmEspera</Form>
			</DCCReference>
			<DCCReference Include="..\..\Comunes\unArt.pas"/>
			<DCCReference Include="..\Comunes\REPOSIT\unCustomSplash.pas">
				<Form>frmCustomSplash</Form>
			</DCCReference>
			<DCCReference Include="..\Comunes\Forms\unWelcomeSplash.pas">
				<Form>frmWelcomeSplash</Form>
			</DCCReference>
			<DCCReference Include="..\..\Comunes\VCLExtra.pas"/>
			<DCCReference Include="..\..\Comunes\AnsiSql.pas"/>
			<DCCReference Include="..\..\Comunes\DbFuncs.pas"/>
			<DCCReference Include="..\..\Comunes\unSesion.pas"/>
			<DCCReference Include="..\..\Comunes\CustomDlgs.pas"/>
			<DCCReference Include="..\comunes\unCustomForm.pas">
				<Form>frmCustomForm</Form>
			</DCCReference>
			<DCCReference Include="..\..\Comunes\General.pas"/>
			<DCCReference Include="..\..\Comunes\unCITRIX.pas"/>
			<DCCReference Include="..\..\Comunes\DateTimeFuncs.pas"/>
			<DCCReference Include="..\..\Comunes\Cuit.pas"/>
			<DCCReference Include="..\..\Comunes\strfuncs.pas"/>
			<DCCReference Include="..\..\Comunes\numeros.pas"/>
			<DCCReference Include="..\..\Comunes\unNovedades.pas"/>
			<DCCReference Include="..\comunes\oracle\unDmFinancials.pas">
				<Form>dmFinancials</Form>
				<DesignClass>TDataModule</DesignClass>
			</DCCReference>
			<DCCReference Include="..\comunes\oracle\unDmPrincipal.pas">
				<Form>dmPrincipal</Form>
				<DesignClass>TDataModule</DesignClass>
			</DCCReference>
			<DCCReference Include="..\Comunes\REPOSIT\unArtDbFrame.pas">
				<Form>ArtDbFrame</Form>
				<DesignClass>TFrame</DesignClass>
			</DCCReference>
			<DCCReference Include="..\Comunes\REPOSIT\unArtFrame.pas">
				<Form>ArtFrame</Form>
				<DesignClass>TFrame</DesignClass>
			</DCCReference>
			<DCCReference Include="..\Comunes\REPOSIT\unArtDBAwareFrame.pas">
				<Form>ArtDBAwareFrame</Form>
				<DesignClass>TFrame</DesignClass>
			</DCCReference>
			<DCCReference Include="..\Comunes\FRAMES\NEW\unFraTrabajador.pas">
				<Form>fraTrabajador</Form>
				<DesignClass>TFrame</DesignClass>
			</DCCReference>
			<DCCReference Include="..\Comunes\FRAMES\NEW\unFraTrabajadorSiniestro.pas">
				<Form>fraTrabajadorSiniestro</Form>
				<DesignClass>TFrame</DesignClass>
			</DCCReference>
			<DCCReference Include="..\Comunes\FRAMES\unFraCtbTablas.pas">
				<Form>fraCtbTablas</Form>
				<DesignClass>TFrame</DesignClass>
			</DCCReference>
			<DCCReference Include="..\Comunes\FRAMES\unFraCodigoDescripcion.pas">
				<Form>fraCodigoDescripcion</Form>
				<DesignClass>TFrame</DesignClass>
			</DCCReference>
			<DCCReference Include="..\Comunes\FRAMES\NEW\unFraEmpresa.pas">
				<Form>fraEmpresa</Form>
				<DesignClass>TFrame</DesignClass>
			</DCCReference>
			<DCCReference Include="..\Comunes\Forms\unBusquedaDomicilio.pas">
				<Form>frmBusquedaDomicilio</Form>
			</DCCReference>
			<DCCReference Include="..\Comunes\REPOSIT\unCustomPanelABM.pas">
				<Form>frmCustomPanelABM</Form>
			</DCCReference>
			<DCCReference Include="..\Comunes\REPOSIT\unCustomGridABM.pas">
				<Form>frmCustomGridABM</Form>
			</DCCReference>
			<DCCReference Include="..\Comunes\FRAMES\NEW\unFraDomicilio.pas">
				<Form>fraDomicilio</Form>
				<DesignClass>TFrame</DesignClass>
			</DCCReference>
			<DCCReference Include="UnBeneficiarios.pas">
				<Form>frmBeneficiarios</Form>
				<DesignClass>TFSForm</DesignClass>
			</DCCReference>
			<DCCReference Include="UnLiqBeneficiarios.pas">
				<Form>frmLiqBeneficiarios</Form>
				<DesignClass>TFSForm</DesignClass>
			</DCCReference>
			<DCCReference Include="reports\unRPTPagoAdic.pas">
				<Form>qrPagoAdic</Form>
			</DCCReference>
			<DCCReference Include="reports\unrptliq53.pas">
				<Form>Rpt531</Form>
				<DesignClass>TQuickRep</DesignClass>
			</DCCReference>
			<DCCReference Include="reports\unrptliq53b.pas">
				<Form>rpt532</Form>
				<DesignClass>TQuickRep</DesignClass>
			</DCCReference>
			<DCCReference Include="reports\unrptliq8.pas">
				<Form>Rpt81</Form>
				<DesignClass>TQuickRep</DesignClass>
			</DCCReference>
			<DCCReference Include="reports\unrptliq8b.pas">
				<Form>rpt82</Form>
				<DesignClass>TQuickRep</DesignClass>
			</DCCReference>
			<DCCReference Include="reports\unrptliq8Rep.pas">
				<Form>Rpt8Rep</Form>
				<DesignClass>TQuickRep</DesignClass>
			</DCCReference>
			<DCCReference Include="reports\unrptliq8repb.pas">
				<Form>rpt8rep2</Form>
				<DesignClass>TQuickRep</DesignClass>
			</DCCReference>
			<DCCReference Include="reports\unrptSolicitudCotizacionRentaVit.pas">
				<Form>rptSolicitudCotizacionRentaVit</Form>
				<DesignClass>TQuickRep</DesignClass>
			</DCCReference>
			<DCCReference Include="reports\unRptLiqReciboPagoUnico.pas">
				<Form>frmRptReciboPagoUnico</Form>
			</DCCReference>
			<DCCReference Include="reports\unRptAnticipoRentaVit.pas">
				<Form>frmRptAnticipoRentaVit</Form>
			</DCCReference>
			<DCCReference Include="unCancelarLiquidacion.pas">
				<Form>frmCancelarLiquidacion</Form>
			</DCCReference>
			<DCCReference Include="..\comunes\frames\unfraPrestador.pas">
				<Form>fraPrestador</Form>
				<DesignClass>TFrame</DesignClass>
			</DCCReference>
			<DCCReference Include="..\..\comunes\OneSession.pas"/>
			<DCCReference Include="..\comunes\unSeleccionDestinatarios.pas">
				<Form>frmSeleccionDestinatarios</Form>
				<DesignClass>TFSForm</DesignClass>
			</DCCReference>
			<DCCReference Include="..\comunes\frames\new\unFraDigitalizacion.pas">
				<Form>fraDigitalizacion</Form>
				<DesignClass>TFrame</DesignClass>
			</DCCReference>
			<DCCReference Include="..\comunes\frames\unFraEntidades.pas">
				<Form>fraEntidades</Form>
				<DesignClass>TFrame</DesignClass>
			</DCCReference>
			<DCCReference Include="..\comunes\frames\unfraVendedores.pas">
				<Form>fraVendedores</Form>
				<DesignClass>TFrame</DesignClass>
			</DCCReference>
			<DCCReference Include="..\comunes\frames\new\unfraVendedoresCUIT.pas">
				<Form>fraVendedoresCUIT</Form>
				<DesignClass>TFrame</DesignClass>
			</DCCReference>
			<DCCReference Include="..\comunes\frames\new\unfraEntidadCUIT.pas">
				<Form>fraEntidadCUIT</Form>
				<DesignClass>TFrame</DesignClass>
			</DCCReference>
			<DCCReference Include="..\comunes\frames\nuevos\unFraCodDesc.pas">
				<Form>fraCodDesc</Form>
				<DesignClass>TFrame</DesignClass>
			</DCCReference>
			<DCCReference Include="..\comunes\forms\unContratoContacto.pas">
				<Form>frmContratoContacto</Form>
			</DCCReference>
			<DCCReference Include="..\comunes\frames\unfraContacto.pas">
				<Form>fraContacto</Form>
				<DesignClass>TFrame</DesignClass>
			</DCCReference>
			<DCCReference Include="..\comunes\frames\unFraStaticCodigoDescripcion.pas">
				<Form>fraStaticCodigoDescripcion</Form>
				<DesignClass>TFrame</DesignClass>
			</DCCReference>
			<DCCReference Include="..\comunes\frames\unFraStaticCTB_TABLAS.pas">
				<Form>fraStaticCTB_TABLAS</Form>
				<DesignClass>TFrame</DesignClass>
			</DCCReference>
			<DCCReference Include="..\comunes\frames\new\unFraRTD_TIPODOCUMENTO.pas">
				<Form>fraRTD_TIPODOCUMENTO</Form>
				<DesignClass>TFrame</DesignClass>
			</DCCReference>
			<DCCReference Include="..\comunes\frames\new\unFraTelefono.pas">
				<Form>fraTelefono</Form>
				<DesignClass>TFrame</DesignClass>
			</DCCReference>
			<DCCReference Include="..\comunes\forms\unABMTelefonos.pas">
				<Form>frmTelefonos</Form>
			</DCCReference>
			<DCCReference Include="..\comunes\forms\unTelefonosCargaRapida.pas">
				<Form>frmTelefonosCargaRapida</Form>
			</DCCReference>
			<DCCReference Include="..\comunes\forms\unLibretaDeDirecciones.pas">
				<Form>frmLibretaDeDirecciones</Form>
				<DesignClass>TFSForm</DesignClass>
			</DCCReference>
			<DCCReference Include="..\comunes\frames\new\unFraUsuario.pas">
				<Form>fraUsuarios</Form>
				<DesignClass>TFrame</DesignClass>
			</DCCReference>
			<DCCReference Include="..\comunes\frames\unFraToolbarRTF.pas">
				<Form>fraToolbarRTF</Form>
				<DesignClass>TFrame</DesignClass>
			</DCCReference>
			<DCCReference Include="..\comunes\frames\new\unFraEstablecimiento.pas">
				<Form>fraEstablecimiento</Form>
				<DesignClass>TFrame</DesignClass>
			</DCCReference>
			<DCCReference Include="..\comunes\frames\new\unfraCPR_PRESTADOR.pas">
				<Form>fraCPR_PRESTADOR</Form>
				<DesignClass>TFrame</DesignClass>
			</DCCReference>
			<DCCReference Include="..\comunes\reports\unRptCartaDocHeader.pas">
				<Form>rptCartaDocHeader</Form>
				<DesignClass>TQuickRep</DesignClass>
			</DCCReference>
			<DCCReference Include="..\comunes\envio de mails\unMoldeEnvioMail.pas">
				<Form>frmMoldeEnvioMail</Form>
			</DCCReference>
			<DCCReference Include="..\comunes\forms\unVisualizadorDigitalizacion.pas">
				<Form>frmVisualizadorDigitalizacion</Form>
				<DesignClass>TFSForm</DesignClass>
			</DCCReference>
			<DCCReference Include="..\comunes\frames\new\unFraVistaTIFF.pas">
				<Form>fraVistaTIFF</Form>
				<DesignClass>TFrame</DesignClass>
			</DCCReference>
			<DCCReference Include="..\comunes\reposit\unCustomPrincipal.pas">
				<Form>frmCustomPrincipal</Form>
			</DCCReference>
			<DCCReference Include="..\comunes\forms\unFaxEnviados.pas">
				<Form>frmFaxEnviados</Form>
				<DesignClass>TFSForm</DesignClass>
			</DCCReference>
			<DCCReference Include="..\comunes\frames\unfraUsuarios.pas">
				<Form>fraUsuario</Form>
				<DesignClass>TFrame</DesignClass>
			</DCCReference>
			<DCCReference Include="..\fax\faxclient_new\unEstrategiaTIFF.pas"/>
			<DCCReference Include="..\comunes\forms\unElementosEnviados.pas">
				<Form>frmElementosEnviados</Form>
				<DesignClass>TFSForm</DesignClass>
			</DCCReference>
			<DCCReference Include="..\comunes\forms\unConsFax.pas">
				<Form>frmConsFax</Form>
				<DesignClass>TFSForm</DesignClass>
			</DCCReference>
			<DCCReference Include="..\comunes\frames\unfraFFO_FAXFORMULARIO.pas">
				<Form>fraFFO_FAXFORMULARIO</Form>
				<DesignClass>TFrame</DesignClass>
			</DCCReference>
			<DCCReference Include="..\comunes\frames\new\unfraCuentaBancaria.pas">
				<Form>fraCuentaBancaria</Form>
				<DesignClass>TFrame</DesignClass>
			</DCCReference>
			<DCCReference Include="..\comunes\frames\new\unFraNavegadorWEB.pas">
				<Form>fraNavegadorWEB</Form>
				<DesignClass>TFrame</DesignClass>
			</DCCReference>
			<DCCReference Include="..\comunes\frames\unfraCodigoDescripcionExt.pas">
				<Form>fraCodigoDescripcionExt</Form>
				<DesignClass>TFrame</DesignClass>
			</DCCReference>
			<DCCReference Include="..\comunes\frames\new\unFraDomicilioGIS.pas">
				<Form>fraDomicilioGIS</Form>
				<DesignClass>TFrame</DesignClass>
			</DCCReference>
			<DCCReference Include="..\comunes\forms\unSeleccionMultiple.pas">
				<Form>frmSeleccionUsuarios</Form>
				<DesignClass>TFrame</DesignClass>
			</DCCReference>
			<DCCReference Include="..\comunes\forms\unClasificacionActivos.pas">
				<Form>frmClasificacionActivos</Form>
				<DesignClass>TFSForm</DesignClass>
			</DCCReference>
			<DCCReference Include="..\comunes\forms\unGoogleMaps.pas">
				<Form>frmGoogleMaps</Form>
			</DCCReference>
			<DCCReference Include="..\comunes\frames\new\unFraEmpresaAfi.pas">
				<Form>fraEmpresaAfi</Form>
				<DesignClass>TFrame</DesignClass>
			</DCCReference>
			<DCCReference Include="..\comunes\forms\unAnexoRes365.pas">
				<Form>frmAnexoRes365</Form>
			</DCCReference>
			<DCCReference Include="..\comunes\forms\unFormularioValidacionYRectificacionDatosEstablecimientos.pas">
				<Form>frmFormularioValidacionYRectificacionDatosEstablecimientos</Form>
			</DCCReference>
			<DCCReference Include="..\comunes\forms\unRGRL.pas">
				<Form>frmRGRL</Form>
			</DCCReference>
			<DCCReference Include="..\comunes\forms\unManCTA_TIPOACTIVOS.pas">
				<Form>frmManCTA_TIPOACTIVOS</Form>
				<DesignClass>TFSForm</DesignClass>
			</DCCReference>
			<DCCReference Include="..\comunes\forms\unVisorPDF.pas">
				<Form>frmVisorPDF</Form>
			</DCCReference>
			<DCCReference Include="..\comunes\forms\unManCGI_GIS.pas">
				<Form>frmManCGI_GIS</Form>
				<DesignClass>TFSForm</DesignClass>
			</DCCReference>
			<DCCReference Include="..\comunes\unVisualizador.pas">
				<Form>frmVisualizador</Form>
			</DCCReference>
			<DCCReference Include="..\comunes\reports\unRptRGRL.pas">
				<Form>qrRGRL</Form>
				<DesignClass>TQuickRep</DesignClass>
			</DCCReference>
			<DCCReference Include="..\comunes\reports\unRptAnexoRes365.pas">
				<Form>qrAnexoRes365</Form>
				<DesignClass>TQuickRep</DesignClass>
			</DCCReference>
			<DCCReference Include="..\comunes\reports\unRptFormularioValidacionYRectificacionDatosEstablecimientos.pas">
				<Form>qrFormularioValidacionYRectificacionDatosEstablecimientos</Form>
				<DesignClass>TQuickRep</DesignClass>
			</DCCReference>
			<DCCReference Include="..\comunes\forms\unAgendaTelefonica.pas">
				<Form>frmAgendaTelefonica</Form>
				<DesignClass>TFSForm</DesignClass>
			</DCCReference>
			<DCCReference Include="..\comunes\forms\unManCPG_PLAZOGUARDA.pas">
				<Form>frmManCPG_PLAZOGUARDA</Form>
				<DesignClass>TFSForm</DesignClass>
			</DCCReference>
			<DCCReference Include="..\comunes\forms\unVentanillaElectronica.pas">
				<Form>frmVentanillaElectronica</Form>
				<DesignClass>TFSForm</DesignClass>
			</DCCReference>
			<DCCReference Include="..\comunes\reports\unRptEstadisticasRGRL.pas">
				<Form>qrEstadisticasRGRL</Form>
				<DesignClass>TQuickRep</DesignClass>
			</DCCReference>
			<DCCReference Include="..\comunes\reports\unRptGestionDeReclamos.pas">
				<Form>frmRptGestionDeReclamos</Form>
			</DCCReference>
			<DCCReference Include="..\archivo_new\abm\unManRDO_DOCUMENTO.pas">
				<Form>frmManRDO_DOCUMENTO</Form>
				<DesignClass>TFSForm</DesignClass>
			</DCCReference>
			<DCCReference Include="..\Afiliaciones\unAfiliaciones.pas"/>
			<DCCReference Include="..\Afiliaciones\unContratoTrabajador.pas">
				<Form>frmContratoTrabajador</Form>
			</DCCReference>
			<DCCReference Include="..\Comunes\FRAMES\NEW\unFraDomicilioTrab.pas">
				<Form>fraDomicilioTrab</Form>
				<DesignClass>TFrame</DesignClass>
			</DCCReference>
			<DCCReference Include="..\comunes\frames\unFraActividad.pas">
				<Form>fraActividad</Form>
				<DesignClass>TFrame</DesignClass>
			</DCCReference>
			<DCCReference Include="..\comunes\reports\unRptCartaDocumento.pas">
				<Form>rptCartaDocumento</Form>
				<DesignClass>TQuickRep</DesignClass>
			</DCCReference>
			<DCCReference Include="..\Afiliaciones\unEstablecimientosTrabajador.pas">
				<Form>frmEstablecimientosTrabajador</Form>
			</DCCReference>
			<DCCReference Include="..\Comunes\Forms\unManCCP_CUENTAPAGO.pas">
				<Form>frmManCCP_CUENTAPAGO</Form>
			</DCCReference>
			<DCCReference Include="..\Comunes\Forms\unAltaModifCCP_CUENTAPAGO.pas">
				<Form>frmAltaModifCCP_CUENTAPAGO</Form>
			</DCCReference>
			<DCCReference Include="..\siniestros\unDlgBusSiniestro.pas">
				<Form>frmDlgBusSiniestro</Form>
				<DesignClass>TFSForm</DesignClass>
			</DCCReference>
			<DCCReference Include="..\siniestros\unSiniestros.pas"/>
			<DCCReference Include="..\archivo_new\unUtilsArchivo.pas"/>
			<DCCReference Include="..\comunes\forms\unDatosSiniestro.pas">
				<Form>frmDatosSiniestro</Form>
			</DCCReference>
			<DCCReference Include="..\impoexpo\unImpoExpoWizard.pas">
				<Form>frmImpoExpoWizard</Form>
			</DCCReference>
			<DCCReference Include="..\comunes\frames\unfraDelegacion.pas">
				<Form>fraDelegacion</Form>
				<DesignClass>TFrame</DesignClass>
			</DCCReference>
			<DCCReference Include="listados\unListPagosDirILT.pas">
				<Form>frmListPagosDirILT</Form>
				<DesignClass>TFSForm</DesignClass>
			</DCCReference>
			<DCCReference Include="listados\unListLiqDocUsuario.pas">
				<Form>frmListLiqDocUsuario</Form>
			</DCCReference>
			<DCCReference Include="listados\unListLiqIncapacidades.pas">
				<Form>frmListLiqIncapacidades</Form>
			</DCCReference>
			<DCCReference Include="listados\unLiquidacionesCompensables.pas">
				<Form>frmLiquidacionesCompensables</Form>
				<DesignClass>TFSForm</DesignClass>
			</DCCReference>
			<DCCReference Include="reports\unRptLiquidacionesCompensables.pas">
				<Form>rptLiquidacionesCompensables</Form>
				<DesignClass>TQuickRep</DesignClass>
			</DCCReference>
			<DCCReference Include="..\siniestros\unLiquidacionesAprobadas.pas">
				<Form>frmLiquidacionesAprobadas</Form>
			</DCCReference>
			<DCCReference Include="abm\unManZonasAFIP.pas">
				<Form>frmManZonasAFIP</Form>
				<DesignClass>TFSForm</DesignClass>
			</DCCReference>
			<DCCReference Include="abm\unManMotivoBajaLiqAut.pas">
				<Form>frmManMotivoBajaLiqAut</Form>
				<DesignClass>TFSForm</DesignClass>
			</DCCReference>
			<DCCReference Include="..\comunes\forms\unManCAN_CHEQUEANOMBRE.pas">
				<Form>frmManCAN_CHEQUEANOMBRE</Form>
				<DesignClass>TFSForm</DesignClass>
			</DCCReference>
			<DCCReference Include="listados\unListGralLiquidaciones.pas">
				<Form>frmListGralLiquidaciones</Form>
				<DesignClass>TFSForm</DesignClass>
			</DCCReference>
			<DCCReference Include="unAperturaSiniestro.pas">
				<Form>frmAperturaSiniestro</Form>
				<DesignClass>TFSForm</DesignClass>
			</DCCReference>
			<DCCReference Include="..\..\comunes\uncomunes.pas"/>
			<DCCReference Include="abm\unManSegRetiro.pas">
				<Form>frmManSegRetiro</Form>
			</DCCReference>
			<DCCReference Include="abm\unManAFJP.pas">
				<Form>frmManAFJP</Form>
			</DCCReference>
			<DCCReference Include="abm\unManEmpresasBloqueoILT.pas">
				<Form>frmManEmpresasBloqueoILT</Form>
				<DesignClass>TFSForm</DesignClass>
			</DCCReference>
			<DCCReference Include="abm\unMantMontosAsigFam.pas">
				<Form>frmMantMontosAsigFam</Form>
			</DCCReference>
			<DCCReference Include="abm\unMantTiposAsigFam.pas">
				<Form>frmMantTiposAsigFam</Form>
			</DCCReference>
			<DCCReference Include="abm\unMantEmpresasSinTopeAMPO.pas">
				<Form>frmMantEmpresasSinTopeAMPO</Form>
			</DCCReference>
			<DCCReference Include="abm\unMantImportesValoresAmpo.pas">
				<Form>frmMantImportesValoresAmpo</Form>
			</DCCReference>
			<DCCReference Include="..\siniestros\unLiqAprobacion.pas">
				<Form>frmLiqAprobacion</Form>
			</DCCReference>
			<DCCReference Include="abm\unManObrasSociales.pas">
				<Form>frmManObrasSociales</Form>
				<DesignClass>TFSForm</DesignClass>
			</DCCReference>
			<DCCReference Include="..\..\comunes\SqlFuncs.pas"/>
			<DCCReference Include="unLiqCartasDocumento.pas">
				<Form>frmLiqCartasDoc</Form>
				<DesignClass>TFSForm</DesignClass>
			</DCCReference>
			<DCCReference Include="unCartasDocSinDDJJ.pas">
				<Form>frmCartasDocSinDDJJ</Form>
				<DesignClass>TFSForm</DesignClass>
			</DCCReference>
			<DCCReference Include="..\comunes\reports\unCartaDocumento.pas"/>
			<DCCReference Include="..\comunes\reports\unRptCartDocCorreoArgentinoHeader.pas">
				<Form>rptCartDocCorreoArgentinoHeader</Form>
				<DesignClass>TQuickRep</DesignClass>
			</DCCReference>
			<DCCReference Include="..\comunes\reports\unRptCartDocCorreoArgentino.pas">
				<Form>rptCartDocCorreoArgentino</Form>
				<DesignClass>TQuickRep</DesignClass>
			</DCCReference>
			<DCCReference Include="..\comunes\frames\unfraFirmante.pas">
				<Form>fraFirmante</Form>
				<DesignClass>TFrame</DesignClass>
			</DCCReference>
			<DCCReference Include="..\..\comunes\clases\unClassEmpresa.pas"/>
			<DCCReference Include="..\..\comunes\clases\unClassTrabajador.pas"/>
			<DCCReference Include="..\siniestros\reports\unRptResumen.pas">
				<Form>rptResumen</Form>
				<DesignClass>TQuickRep</DesignClass>
			</DCCReference>
			<DCCReference Include="..\..\comunes\clases\unClassExpediente.pas"/>
			<DCCReference Include="reports\unRptIncapacidadRecibo.pas">
				<Form>qrIncapacidadRecibo</Form>
				<DesignClass>TQuickRep</DesignClass>
			</DCCReference>
			<DCCReference Include="reports\unRptResumenILT.pas">
				<Form>qrResumenILT</Form>
				<DesignClass>TQuickRep</DesignClass>
			</DCCReference>
			<DCCReference Include="unLiqIncapacidades.pas">
				<Form>frmLiqIncapacidades</Form>
			</DCCReference>
			<DCCReference Include="..\..\comunes\clases\unClassLiquidacion.pas"/>
			<DCCReference Include="reports\unRptReciboILT.pas">
				<Form>qrReciboILT</Form>
				<DesignClass>TQuickRep</DesignClass>
			</DCCReference>
			<DCCReference Include="reports\unRptReciboILPPerDef.pas">
				<Form>qrReciboILPPerDef</Form>
				<DesignClass>TQuickRep</DesignClass>
			</DCCReference>
			<DCCReference Include="reports\unRptOrdenDePago.pas">
				<Form>qrOrdenDePago</Form>
				<DesignClass>TQuickRep</DesignClass>
			</DCCReference>
			<DCCReference Include="reports\unRptRemuneraciones.pas">
				<Form>qrRemuneraciones</Form>
				<DesignClass>TQuickRep</DesignClass>
			</DCCReference>
			<DCCReference Include="..\siniestros\reports\unRptReciboOtrosConceptos.pas">
				<Form>qrReciboOtrosConceptos</Form>
				<DesignClass>TQuickRep</DesignClass>
			</DCCReference>
			<DCCReference Include="..\siniestros\reports\unRptLiqOtrosConceptos.pas">
				<Form>qrLiqOtrosConceptos</Form>
				<DesignClass>TQuickRep</DesignClass>
			</DCCReference>
			<DCCReference Include="abm\unManAsigHijos.pas">
				<Form>frmManAsigHijos</Form>
			</DCCReference>
			<DCCReference Include="abm\unManAsigEspeciales.pas">
				<Form>frmManAsigEspeciales</Form>
			</DCCReference>
			<DCCReference Include="unLiqAsigFam.pas">
				<Form>frmLiqAsigFam</Form>
			</DCCReference>
			<DCCReference Include="unCompaniaSeguroRetiro.pas">
				<Form>frmCompaniaSeguroRetiro</Form>
			</DCCReference>
			<DCCReference Include="..\siniestros\unConsultaNomina.pas">
				<Form>frmConsultaNomina</Form>
				<DesignClass>TFSForm</DesignClass>
			</DCCReference>
			<DCCReference Include="..\comunes\reports\unRptFormSelRetiro.pas">
				<Form>rptFormSelRetiro</Form>
				<DesignClass>TQuickRep</DesignClass>
			</DCCReference>
			<DCCReference Include="reports\unRptFormularioCotizacion.pas">
				<Form>rptFormularioCotizacion</Form>
				<DesignClass>TQuickRep</DesignClass>
			</DCCReference>
			<DCCReference Include="reports\unRptResumenILP.pas">
				<Form>qrResumenILP</Form>
				<DesignClass>TQuickRep</DesignClass>
			</DCCReference>
			<DCCReference Include="unLiqAutomaticas.pas">
				<Form>frmLiqAutomaticas</Form>
			</DCCReference>
			<DCCReference Include="..\comunes\frames\new\unfraInfoEmpresa.pas">
				<Form>fraInfoEmpresa</Form>
				<DesignClass>TFrame</DesignClass>
			</DCCReference>
			<DCCReference Include="..\cobranzas\unOpcionesDeImpresion.pas">
				<Form>frmOpcionesDeImpresion</Form>
			</DCCReference>
			<DCCReference Include="..\cobranzas\unImpresionEstadoDeCuenta.pas">
				<Form>frmImpresionEstadodeCuenta</Form>
			</DCCReference>
			<DCCReference Include="..\cobranzas\reports\unQRF817.pas">
				<Form>QRF817</Form>
				<DesignClass>TQuickRep</DesignClass>
			</DCCReference>
			<DCCReference Include="..\cobranzas\reports\unQRCartaDocIntimacion.pas">
				<Form>QRCartaDocIntimacion</Form>
				<DesignClass>TQuickRep</DesignClass>
			</DCCReference>
			<DCCReference Include="..\cobranzas\compensacion\reports\unRptCartaDocCompensacion.pas">
				<Form>rptCartaDocCompensacion</Form>
				<DesignClass>TQuickRep</DesignClass>
			</DCCReference>
			<DCCReference Include="..\cobranzas\reports\unQrLibreDeuda.pas">
				<Form>qrLibreDeuda</Form>
				<DesignClass>TQuickRep</DesignClass>
			</DCCReference>
			<DCCReference Include="..\cobranzas\reports\unQrEstadoCuentaResumen.pas">
				<Form>frmEstadoCuentaResumen</Form>
			</DCCReference>
			<DCCReference Include="..\cobranzas\reports\unQRF801C.pas">
				<Form>QRF801C</Form>
				<DesignClass>TQuickRep</DesignClass>
			</DCCReference>
			<DCCReference Include="..\cobranzas\reports\unQRCartaDocIntimacionNuevaGrilla.pas">
				<Form>QRCartaDocIntimacionNuevaGrilla</Form>
				<DesignClass>TQuickRep</DesignClass>
			</DCCReference>
			<DCCReference Include="..\comunes\forms\unConsultasAdicionales.pas">
				<Form>frmConsultasAdicionales</Form>
			</DCCReference>
			<DCCReference Include="..\comunes\forms\unEjecutivoCuenta.pas">
				<Form>frmEjecutivoCuenta</Form>
			</DCCReference>
			<DCCReference Include="..\comunes\forms\unGestorCuenta.pas">
				<Form>frmGestorCuenta</Form>
			</DCCReference>
			<DCCReference Include="..\cobranzas\reports\unQrEstadoCuentaDetalle.pas">
				<Form>frmEstadoCuentaDetalle</Form>
			</DCCReference>
			<DCCReference Include="..\comunes\frames\new\unfraInfoEmpresaExt.pas">
				<Form>fraInfoEmpresaExt</Form>
				<DesignClass>TFrame</DesignClass>
			</DCCReference>
			<DCCReference Include="..\siniestros\unConsultaEmpresa.pas">
				<Form>frmConsultaEmpresa</Form>
				<DesignClass>TFSForm</DesignClass>
			</DCCReference>
			<DCCReference Include="..\..\comunes\unTercerizadoras.pas"/>
			<DCCReference Include="..\cobranzas\unEstadoCuenta.pas"/>
			<DCCReference Include="reports\unRptCaratulaMortales.pas">
				<Form>qrCaratulaMortales</Form>
				<DesignClass>TQuickRep</DesignClass>
			</DCCReference>
			<DCCReference Include="unDinerarias.pas"/>
			<DCCReference Include="listados\unListResumenDinerarias.pas">
				<Form>frmListResumenDinerarias</Form>
				<DesignClass>TFSForm</DesignClass>
			</DCCReference>
			<DCCReference Include="abm\unManLiquidadoresxCUIT.pas">
				<Form>frmManLiquidadoresxCUIT</Form>
				<DesignClass>TFSForm</DesignClass>
			</DCCReference>
			<DCCReference Include="unSeguimientoDocumentacion.pas">
				<Form>frmSeguimientoDocumentacion</Form>
				<DesignClass>TFSForm</DesignClass>
			</DCCReference>
			<DCCReference Include="..\impoexpo\unImpoExpoUtils.pas"/>
			<DCCReference Include="abm\unManEmpresasPagoDirectoILT.pas">
				<Form>frmManEmpresasPagoDirectoILT</Form>
				<DesignClass>TFSForm</DesignClass>
			</DCCReference>
			<DCCReference Include="unSeguimientoCasosLiquidar.pas">
				<Form>frmSeguimientoCasosLiquidar</Form>
				<DesignClass>TFSForm</DesignClass>
			</DCCReference>
			<DCCReference Include="abm\unManTipoDocumento.pas">
				<Form>frmManTipoDocumento</Form>
				<DesignClass>TFSForm</DesignClass>
			</DCCReference>
			<DCCReference Include="listados\unListAportesContribuciones.pas">
				<Form>frmListAportesContribuciones</Form>
				<DesignClass>TFSForm</DesignClass>
			</DCCReference>
			<DCCReference Include="..\redpres\abm\unManMotivosAportes.pas">
				<Form>frmManMotivosAportes</Form>
				<DesignClass>TFSForm</DesignClass>
			</DCCReference>
			<DCCReference Include="..\..\comunes\ungrids.pas"/>
			<DCCReference Include="admliq\unGeneracionIntereses.pas">
				<Form>frmGeneracionIntereses</Form>
			</DCCReference>
			<DCCReference Include="admliq\unGeneracionOPagos.pas">
				<Form>frmGeneracionOPagos</Form>
			</DCCReference>
			<DCCReference Include="listados\unListControversiaReserva.pas">
				<Form>frmListControversiaReserva</Form>
				<DesignClass>TFSForm</DesignClass>
			</DCCReference>
			<DCCReference Include="admliq\unGeneracionTasaJusticia.pas">
				<Form>frmGeneracionTasaJusticia</Form>
			</DCCReference>
			<DCCReference Include="..\comunes\frames\new\unfraFirmantes.pas">
				<Form>fraFirmantes</Form>
				<DesignClass>TFrame</DesignClass>
			</DCCReference>
			<DCCReference Include="listados\unListSiniestrosConEmbargo.pas">
				<Form>frmListSiniestrosConEmbargo</Form>
				<DesignClass>TFSForm</DesignClass>
			</DCCReference>
			<DCCReference Include="..\comunes\forms\unManAcreedores.pas">
				<Form>frmManAcreedores</Form>
				<DesignClass>TFSForm</DesignClass>
			</DCCReference>
			<DCCReference Include="reports\unRptFormularioCotizacionTot.pas">
				<Form>rptFormularioCotizacionTot</Form>
				<DesignClass>TQuickRep</DesignClass>
			</DCCReference>
			<DCCReference Include="reports\unRptReciboRetiraDocum.pas">
				<Form>rptReciboRetiraDocum</Form>
				<DesignClass>TQuickRep</DesignClass>
			</DCCReference>
			<DCCReference Include="..\..\comunes\interfaces\unAgenda.pas"/>
			<DCCReference Include="..\comunes\frames\modulosAgenda\unfraContactoAGENDA.pas">
				<Form>fraContactoAGENDA</Form>
				<DesignClass>TFrame</DesignClass>
			</DCCReference>
			<DCCReference Include="..\comunes\frames\modulosAgenda\unfraContactoLibreAGENDA.pas">
				<Form>fraContactoLibreAGENDA</Form>
				<DesignClass>TFrame</DesignClass>
			</DCCReference>
			<DCCReference Include="..\comunes\frames\modulosAgenda\unfraDomicilioAGENDA.pas">
				<Form>fraDomicilioGISAGENDA</Form>
				<DesignClass>TFrame</DesignClass>
			</DCCReference>
			<DCCReference Include="..\comunes\frames\modulosAgenda\unfraDomicilioEmpresaAGENDA.pas">
				<Form>fraDomicilioEmpresaAGENDA</Form>
				<DesignClass>TFrame</DesignClass>
			</DCCReference>
			<DCCReference Include="..\comunes\frames\modulosAgenda\unfraDomicilioEstablecimientoAGENDA.pas">
				<Form>fraDomicilioEstablecimientoAGENDA</Form>
				<DesignClass>TFrame</DesignClass>
			</DCCReference>
			<DCCReference Include="..\comunes\frames\modulosAgenda\unfraEmpresaAGENDA.pas">
				<Form>fraEmpresaAGENDA</Form>
				<DesignClass>TFrame</DesignClass>
			</DCCReference>
			<DCCReference Include="..\comunes\frames\modulosAgenda\unfraEntidadAGENDA.pas">
				<Form>fraEntidadAGENDA</Form>
				<DesignClass>TFrame</DesignClass>
			</DCCReference>
			<DCCReference Include="..\comunes\frames\modulosAgenda\unfraEntidadVendedorAGENDA.pas">
				<Form>fraEntidadVendedorAGENDA</Form>
				<DesignClass>TFrame</DesignClass>
			</DCCReference>
			<DCCReference Include="..\comunes\frames\modulosAgenda\unfraVendedorAGENDA.pas">
				<Form>fraVendedorAGENDA</Form>
				<DesignClass>TFrame</DesignClass>
			</DCCReference>
			<DCCReference Include="..\comunes\frames\modulosAgenda\unfraTrabajadorSiniestroAGENDA.pas">
				<Form>fraTrabajadorSiniestroAGENDA</Form>
				<DesignClass>TFrame</DesignClass>
			</DCCReference>
			<DCCReference Include="..\comunes\frames\modulosAgenda\unfraTrabajadorAGENDA.pas">
				<Form>fraTrabajadorAGENDA</Form>
				<DesignClass>TFrame</DesignClass>
			</DCCReference>
			<DCCReference Include="..\comunes\frames\modulosAgenda\unfraPrestadorAGENDA.pas">
				<Form>fraPrestadorAGENDA</Form>
				<DesignClass>TFrame</DesignClass>
			</DCCReference>
			<DCCReference Include="..\comunes\frames\modulosAgenda\unfraNumAutoAGENDA.pas">
				<Form>fraNumAutoAGENDA</Form>
				<DesignClass>TFrame</DesignClass>
			</DCCReference>
			<DCCReference Include="..\comunes\frames\modulosAgenda\unfraEstablecimientoAGENDA.pas">
				<Form>fraEstablecimientoAGENDA</Form>
				<DesignClass>TFrame</DesignClass>
			</DCCReference>
			<DCCReference Include="..\comunes\frames\nuevos\unFraTitulo.pas">
				<Form>fraTitulo</Form>
				<DesignClass>TFrame</DesignClass>
			</DCCReference>
			<DCCReference Include="..\comunes\forms\unAgendaCargaConsulta.pas">
				<Form>frmAgendaCargaConsulta</Form>
			</DCCReference>
			<DCCReference Include="..\comunes\frames\new\unFraUsuarioConSectorIntranet.pas">
				<Form>fraUsuarioConSectorIntranet</Form>
				<DesignClass>TFrame</DesignClass>
			</DCCReference>
			<DCCReference Include="..\comunes\frames\new\unFraUsuarioConJerarquias.pas">
				<Form>fraUsuarioConJerarquias</Form>
				<DesignClass>TFrame</DesignClass>
			</DCCReference>
			<DCCReference Include="..\comunes\frames\new\unFraValidacionDatosEmpresa.pas">
				<Form>fraValidacionDatosEmpresa</Form>
				<DesignClass>TFrame</DesignClass>
			</DCCReference>
			<DCCReference Include="..\usuarios\unArbolSectores.pas">
				<Form>frmArbolSectores</Form>
			</DCCReference>
			<DCCReference Include="..\comunes\unAyuda.pas">
				<Form>frmAyuda</Form>
			</DCCReference>
			<DCCReference Include="..\comunes\forms\unSeleccionTareas.pas">
				<Form>frmSeleccionTareas</Form>
			</DCCReference>
			<DCCReference Include="..\comunes\forms\unABMAgendaBase.pas">
				<Form>frmABMAgendaBase</Form>
			</DCCReference>
			<DCCReference Include="..\comunes\forms\unABMAgendaBaseEvento.pas">
				<Form>frmABMAgendaBaseEvento</Form>
			</DCCReference>
			<DCCReference Include="..\comunes\forms\unABMAgendaBaseTarea.pas">
				<Form>frmABMAgendaBaseTarea</Form>
			</DCCReference>
			<DCCReference Include="..\hys\unSeleccionResponsableHYS.pas">
				<Form>frmSeleccionResponsableHYS</Form>
				<DesignClass>TFSForm</DesignClass>
			</DCCReference>
			<DCCReference Include="..\..\comunes\interfaces\unInterfaces.pas"/>
			<DCCReference Include="..\comunes\frames\new\unFraDomicilioEmpresa.pas">
				<Form>fraDomicilioEmpresa</Form>
				<DesignClass>TFrame</DesignClass>
			</DCCReference>
			<DCCReference Include="..\comunes\forms\unVisor.pas">
				<Form>frmVisor</Form>
			</DCCReference>
			<DCCReference Include="..\comunes\unArchivoVisor.pas"/>
			<DCCReference Include="..\comunes\forms\unVisorExcel.pas">
				<Form>frmVisorExcel</Form>
			</DCCReference>
			<DCCReference Include="..\comunes\frames\new\unFraCanal.pas">
				<Form>fraCanal</Form>
				<DesignClass>TFrame</DesignClass>
			</DCCReference>
			<DCCReference Include="reports\unRptAportesContrib.pas">
				<Form>RptAportesContrib</Form>
				<DesignClass>TQuickRep</DesignClass>
			</DCCReference>
			<DCCReference Include="..\comunes\frames\modulosagenda\unfraProspectosAGENDA.pas">
				<Form>fraProspectosAGENDA</Form>
				<DesignClass>TFrame</DesignClass>
			</DCCReference>
			<DCCReference Include="..\archivo_new\unQrEtiquetasDocCarpetas.pas">
				<Form>qrEtiquetasDocCarpetas</Form>
				<DesignClass>TQuickRep</DesignClass>
			</DCCReference>
			<DCCReference Include="..\comunes\frames\unfraSectores.pas">
				<Form>fraSectores</Form>
				<DesignClass>TFrame</DesignClass>
			</DCCReference>
			<DCCReference Include="..\comunes\reports\unRptPlantillaRGRL.pas">
				<Form>qrPlantillaRGRL</Form>
				<DesignClass>TQuickRep</DesignClass>
			</DCCReference>
			<DCCReference Include="..\comunes\frames\modulosagenda\unfraVistaEventos.pas">
				<Form>fraVistaEventos</Form>
				<DesignClass>TFrame</DesignClass>
			</DCCReference>
			<DCCReference Include="..\comunes\forms\unAgendaVistaEmpresa.pas">
				<Form>frmAgendaVistaEmpresa</Form>
			</DCCReference>
			<DCCReference Include="..\archivo_new\unArchivo.pas"/>
			<DCCReference Include="..\archivo_new\unFrmConsultaCarpetas.pas">
				<Form>FrmConsultaCarpetas</Form>
				<DesignClass>TFSForm</DesignClass>
			</DCCReference>
			<DCCReference Include="..\archivo_new\unFrmSolicitudCarpeta.pas">
				<Form>FrmSolicitudCarpeta</Form>
				<DesignClass>TFSForm</DesignClass>
			</DCCReference>
			<DCCReference Include="..\archivo_new\unQrEtiquetasCarpetas.pas">
				<Form>qrEtiquetasCarpetas</Form>
				<DesignClass>TQuickRep</DesignClass>
			</DCCReference>
			<DCCReference Include="..\archivo_new\frames\unFraDetalleArchivo.pas">
				<Form>fraDetalleArchivo</Form>
				<DesignClass>TFrame</DesignClass>
			</DCCReference>
			<DCCReference Include="..\archivo_new\unFrmDetalleArchivo.pas">
				<Form>FrmDetalleArchivo</Form>
			</DCCReference>
			<DCCReference Include="..\archivo_new\unMovimientoCarpetas.pas">
				<Form>frmMovimientoCarpetas</Form>
			</DCCReference>
			<DCCReference Include="..\archivo_new\unFrmCargaDocumentacion.pas">
				<Form>frmCargaDocumentacion</Form>
			</DCCReference>
			<DCCReference Include="..\archivo_new\unQrDetalleLoteEstudio.pas">
				<Form>QrDetalleLoteEstudio</Form>
			</DCCReference>
			<DCCReference Include="..\archivo_new\unReemplazoCarpetas.pas">
				<Form>frmReemplazoCarpetas</Form>
			</DCCReference>
			<DCCReference Include="..\archivo_new\unfrmUbicacionActual.pas">
				<Form>FrmUbicacionActual</Form>
			</DCCReference>
			<DCCReference Include="..\archivo_new\frames\unFraFiltroArchivo.pas">
				<Form>fraFiltroArchivo</Form>
				<DesignClass>TFrame</DesignClass>
			</DCCReference>
			<DCCReference Include="..\archivo_new\frames\unfraArchJuicio.pas">
				<Form>fraArchJuicio</Form>
				<DesignClass>TFrame</DesignClass>
			</DCCReference>
			<DCCReference Include="..\comunes\frames\new\unfraProveedor.pas">
				<Form>fraProveedor</Form>
				<DesignClass>TFrame</DesignClass>
			</DCCReference>
			<DCCReference Include="..\comunes\unCapturarCodigoBarras.pas">
				<Form>frmCapturarCodigoBarras</Form>
			</DCCReference>
			<DCCReference Include="..\comunes\forms\unCargaDocumentosDigitaliz.pas">
				<Form>frmCargaDocumentosDigitaliz</Form>
			</DCCReference>
			<DCCReference Include="..\afiliaciones\comisiones\unComisiones.pas"/>
			<DCCReference Include="..\archivo_new\unConstantArchivo.pas"/>
			<DCCReference Include="..\comunes\frames\unFraGrupoTrabajo.pas">
				<Form>fraGrupoTrabajo</Form>
				<DesignClass>TFrame</DesignClass>
			</DCCReference>
			<DCCReference Include="unActInfoDictamen.pas">
				<Form>frmActInfoDictamen</Form>
				<DesignClass>TFSForm</DesignClass>
			</DCCReference>
			<DCCReference Include="abm\unSinGranInvalidez.pas">
				<Form>frmSinGranInvalidez</Form>
				<DesignClass>TFSForm</DesignClass>
			</DCCReference>
			<DCCReference Include="..\..\comunes\unRTTI.pas"/>
			<DCCReference Include="..\afiliaciones\tesoreria\unTesoreria.pas"/>
			<DCCReference Include="..\..\comunes\unSIC.pas"/>
			<DCCReference Include="abm\unManBenefChequePorCuit.pas">
				<Form>frmManBenefChequePorCuit</Form>
				<DesignClass>TFSForm</DesignClass>
			</DCCReference>
			<DCCReference Include="abm\unManMotivoCancLiquidaciones.pas">
				<Form>frmManMotivoCancLiquidaciones</Form>
				<DesignClass>TFSForm</DesignClass>
			</DCCReference>
			<DCCReference Include="unMotivoCancelacionLiq.pas">
				<Form>frmMotivoCancelacionLiq</Form>
			</DCCReference>
			<DCCReference Include="abm\unManMotivosDeDiferencia.pas">
				<Form>frmManMotivosDeDiferencia</Form>
				<DesignClass>TFSForm</DesignClass>
			</DCCReference>
			<DCCReference Include="abm\unManMontoMaxAprobPorUsuario.pas">
				<Form>frmManMontoMaxAprobPorUsuario</Form>
				<DesignClass>TFSForm</DesignClass>
			</DCCReference>
			<DCCReference Include="abm\unManImportesValoresAmpo.pas">
				<Form>frmManImportesValoresAmpo</Form>
				<DesignClass>TFSForm</DesignClass>
			</DCCReference>
			<DCCReference Include="..\comunes\frames\new\unFraEmpresaSolicitud.pas">
				<Form>fraEmpresaSolicitud</Form>
				<DesignClass>TFrame</DesignClass>
			</DCCReference>
			<DCCReference Include="..\comunes\frames\modulosagenda\unfraEmpresaSolicitudAGENDA.pas">
				<Form>fraEmpresaSolicitudAGENDA</Form>
				<DesignClass>TFrame</DesignClass>
			</DCCReference>
			<DCCReference Include="..\archivo_new\unQrDetalleRemitoDevolucion.pas">
				<Form>QrDetalleRemitoDevolucion</Form>
			</DCCReference>
			<DCCReference Include="..\comunes\forms\unManCVS_VENTANILLA_SUBTEMAS.pas">
				<Form>frmManCVS_VENTANILLA_SUBTEMAS</Form>
				<DesignClass>TFSForm</DesignClass>
			</DCCReference>
			<DCCReference Include="..\..\comunes\Periodos.pas"/>
			<DCCReference Include="..\comunes\frames\modulosagenda\unfraDatoFechaAGENDA.pas">
				<Form>fraDatoFecha</Form>
				<DesignClass>TFrame</DesignClass>
			</DCCReference>
			<DCCReference Include="..\archivo_new\unFrmArmadoLote.pas">
				<Form>FrmArmadoLote</Form>
				<DesignClass>TFSForm</DesignClass>
			</DCCReference>
			<DCCReference Include="..\archivo_new\unQrDetalleLote.pas">
				<Form>QrDetalleLote</Form>
			</DCCReference>
			<DCCReference Include="..\archivo_new\unRptResumenLotes.pas">
				<Form>qrResumenLotes</Form>
				<DesignClass>TQuickRep</DesignClass>
			</DCCReference>
			<DCCReference Include="listados\unListPagosJudiciales.pas">
				<Form>frmListPagosJudiciales</Form>
				<DesignClass>TFSForm</DesignClass>
			</DCCReference>
			<DCCReference Include="..\archivo_new\unVerImagenes.pas">
				<Form>frmVerImagenes</Form>
			</DCCReference>
			<DCCReference Include="listados\unListSiniConLiqMensuales.pas">
				<Form>frmListSiniConLiqMensuales</Form>
				<DesignClass>TFSForm</DesignClass>
			</DCCReference>
			<DCCReference Include="..\archivo_new\unMensajeAlertaAGA.pas"/>
			<DCCReference Include="abm\unManActualizacionValores.pas">
				<Form>frmManActualizacionValores</Form>
				<DesignClass>TFSForm</DesignClass>
			</DCCReference>
			<DCCReference Include="..\comunes\frames\new\unFraWebBrowser.pas">
				<Form>fraWebBrowser</Form>
				<DesignClass>TFrame</DesignClass>
			</DCCReference>
			<DCCReference Include="..\comunes\frames\new\unFraGIS_APIv3.pas">
				<Form>fraGIS_APIv3</Form>
				<DesignClass>TFrame</DesignClass>
			</DCCReference>
			<DCCReference Include="..\..\comunes\unExportPDF.pas"/>
			<DCCReference Include="unPuestaDisposicion.pas">
				<Form>frmPuestaDisposicion</Form>
			</DCCReference>
			<DCCReference Include="..\comunes\forms\unEsperaSimple.pas">
				<Form>frmEsperaSimple</Form>
			</DCCReference>
			<DCCReference Include="unDireccionCDO.pas">
				<Form>frmDireccionCDO</Form>
			</DCCReference>
			<DCCReference Include="reports\UnRptCartaDocPuestaDisp.pas">
				<Form>RptCartaDocPuestaDisp</Form>
				<DesignClass>TQuickRep</DesignClass>
			</DCCReference>
			<DCCReference Include="..\comunes\frames\unFraSDA_DETALLEARCHIVO.pas">
				<Form>fraSDA_DETALLEARCHIVO</Form>
				<DesignClass>TFrame</DesignClass>
			</DCCReference>
			<DCCReference Include="..\redpres\reports\unRptDomiciliosIncompletos.pas">
				<Form>qrDireccionesFaltantes</Form>
				<DesignClass>TQuickRep</DesignClass>
			</DCCReference>
			<DCCReference Include="..\comunes\frames\unfraDireccion.pas">
				<Form>fraDireccion</Form>
				<DesignClass>TFrame</DesignClass>
			</DCCReference>
			<DCCReference Include="..\comunes\forms\unBaseGeneracionCartas.pas">
				<Form>frmBaseGeneracionCartas</Form>
			</DCCReference>
			<DCCReference Include="..\redpres\unGeneracionCartasAdmin.pas">
				<Form>frmGeneracionCartasAdmin</Form>
			</DCCReference>
			<DCCReference Include="..\..\comunes\unImportCryptoSrt.pas"/>
			<DCCReference Include="..\afiliaciones\unSeleccionarCarpetaSRT.pas">
				<Form>frmSeleccionarCarpetaSRT</Form>
			</DCCReference>
			<DCCReference Include="..\redpres\reports\unRptCartaDocSinDDJJ.pas">
				<Form>rptCartaDocSinDDJJ</Form>
				<DesignClass>TQuickRep</DesignClass>
			</DCCReference>
			<DCCReference Include="abm\unManMotBajaPuestaDisp.pas">
				<Form>frmMotBajaPuestaDisp</Form>
				<DesignClass>TFSForm</DesignClass>
			</DCCReference>
			<DCCReference Include="..\comunes\forms\unBaseAdministracionCartas.pas">
				<Form>frmBaseAdministracionCartas</Form>
				<DesignClass>TFSForm</DesignClass>
			</DCCReference>
			<DCCReference Include="unDinerariasAdministracionCartas.pas">
				<Form>frmDinerariasAdministracionCartas</Form>
				<DesignClass>TFSForm</DesignClass>
			</DCCReference>
			<DCCReference Include="..\comunes\forms\unEnvioSMS.pas">
				<Form>frmEnvioSMS</Form>
			</DCCReference>
			<DCCReference Include="..\redpres\reports\unRptRemitoCartas.pas">
				<Form>qrRemitoCartas</Form>
				<DesignClass>TQuickRep</DesignClass>
			</DCCReference>
			<DCCReference Include="unTableroControl.pas">
				<Form>frmTableroControl</Form>
				<DesignClass>TFSForm</DesignClass>
			</DCCReference>
			<DCCReference Include="..\siniestros\unJustificacionILT.pas">
				<Form>frmJustificacionILT</Form>
			</DCCReference>
			<DCCReference Include="abm\unSeguimientoCasosMortales.pas">
				<Form>frmSeguimCasosMortales</Form>
				<DesignClass>TFSForm</DesignClass>
			</DCCReference>
			<DCCReference Include="reports\unRptCasosPorLiquidador.pas">
				<Form>frmRptCasosPorLiquidador</Form>
				<FormType>dfm</FormType>
			</DCCReference>
			<DCCReference Include="abm\unManLiquidadores.pas">
				<Form>frmManLiquidadores</Form>
				<FormType>dfm</FormType>
				<DesignClass>TFSForm</DesignClass>
			</DCCReference>
			<DCCReference Include="abm\unMotivosBajaCasos.pas">
				<Form>frmMotivosBajaCasos</Form>
				<FormType>dfm</FormType>
				<DesignClass>TFSForm</DesignClass>
			</DCCReference>
			<DCCReference Include="reports\unRptReciboILP.pas">
				<Form>qrReciboILP</Form>
				<DesignClass>TQuickRep</DesignClass>
			</DCCReference>
			<DCCReference Include="abm\unSeguimientoCasosPagoDir.pas">
				<Form>frmSeguimCasosPagoDir</Form>
				<DesignClass>TFSForm</DesignClass>
			</DCCReference>
			<DCCReference Include="unConsultaTIFF.pas">
				<Form>frmConsultaTIFF</Form>
				<FormType>dfm</FormType>
			</DCCReference>
			<DCCReference Include="..\comunes\frames\new\unFraTipoRegimen.pas">
				<Form>fraTipoRegimen</Form>
				<DesignClass>TFrame</DesignClass>
			</DCCReference>
			<DCCReference Include="unSiniestrosNoAutorizados.pas">
				<Form>frmSiniestrosNoAutorizados</Form>
				<FormType>dfm</FormType>
				<DesignClass>TFSForm</DesignClass>
			</DCCReference>
			<DCCReference Include="abm\unSeguimientoCasosILP.pas">
				<Form>frmSeguimCasosILP</Form>
				<DesignClass>TFSForm</DesignClass>
			</DCCReference>
			<DCCReference Include="unLiquidacionesModificadas.pas">
				<Form>frmLiquidacionesModificadas</Form>
				<DesignClass>TFSForm</DesignClass>
			</DCCReference>
			<DCCReference Include="listados\unSegRemisionFondos.pas">
				<Form>frmSegRemisionFondos</Form>
				<FormType>dfm</FormType>
				<DesignClass>TFSForm</DesignClass>
			</DCCReference>
			<DCCReference Include="abm\unAccionesRemisionFondos.pas">
				<Form>frmAccionesRemisionFondos</Form>
				<FormType>dfm</FormType>
				<DesignClass>TFSForm</DesignClass>
			</DCCReference>
			<RcItem Include="resources\LOGO_2009_BYN.dib">
				<ContainerId>ResourceItem</ContainerId>
				<ResourceType>BITMAP</ResourceType>
				<ResourceId>LOGO_2009_BYN</ResourceId>
			</RcItem>
			<RcItem Include="resources\LOGO_2009_BYN_CHICO.dib">
				<ContainerId>ResourceItem</ContainerId>
				<ResourceType>BITMAP</ResourceType>
				<ResourceId>LOGO_2009_BYN_CHICO</ResourceId>
			</RcItem>
			<RcItem Include="resources\LOGO_2009_COLOR.dib">
				<ContainerId>ResourceItem</ContainerId>
				<ResourceType>BITMAP</ResourceType>
				<ResourceId>LOGO_2009_COLOR</ResourceId>
			</RcItem>
			<RcItem Include="resources\LOGO_GBP.dib">
				<ContainerId>ResourceItem</ContainerId>
				<ResourceType>BITMAP</ResourceType>
				<ResourceId>LOGO_GBP</ResourceId>
			</RcItem>
			<RcItem Include="resources\LOGO_PART.dib">
				<ContainerId>ResourceItem</ContainerId>
				<ResourceType>BITMAP</ResourceType>
				<ResourceId>LOGO_PART</ResourceId>
			</RcItem>
			<RcItem Include="resources\LOGO_PART_GOB.dib">
				<ContainerId>ResourceItem</ContainerId>
				<ResourceType>BITMAP</ResourceType>
				<ResourceId>LOGO_PART_GOB</ResourceId>
			</RcItem>
			<RcItem Include="resources\SPLASH.dib">
				<ContainerId>ResourceItem</ContainerId>
				<ResourceType>BITMAP</ResourceType>
				<ResourceId>SPLASH</ResourceId>
			</RcItem>
			<BuildConfiguration Include="Debug">
				<Key>Cfg_2</Key>
				<CfgParent>Base</CfgParent>
			</BuildConfiguration>
			<BuildConfiguration Include="Base">
				<Key>Base</Key>
			</BuildConfiguration>
			<BuildConfiguration Include="Release">
				<Key>Cfg_1</Key>
				<CfgParent>Base</CfgParent>
			</BuildConfiguration>
		</ItemGroup>
		<ProjectExtensions>
			<Borland.Personality>Delphi.Personality.12</Borland.Personality>
			<Borland.ProjectType/>
			<BorlandProject>
				<Delphi.Personality>
					<Source>
						<Source Name="MainSource">Dinerarias.dpr</Source>
					</Source>
					<VersionInfo>
						<VersionInfo Name="IncludeVerInfo">True</VersionInfo>
						<VersionInfo Name="AutoIncBuild">False</VersionInfo>
						<VersionInfo Name="MajorVer">1</VersionInfo>
						<VersionInfo Name="MinorVer">0</VersionInfo>
						<VersionInfo Name="Release">0</VersionInfo>
						<VersionInfo Name="Build">0</VersionInfo>
						<VersionInfo Name="Debug">False</VersionInfo>
						<VersionInfo Name="PreRelease">False</VersionInfo>
						<VersionInfo Name="Special">False</VersionInfo>
						<VersionInfo Name="Private">False</VersionInfo>
						<VersionInfo Name="DLL">False</VersionInfo>
						<VersionInfo Name="Locale">11274</VersionInfo>
						<VersionInfo Name="CodePage">1252</VersionInfo>
					</VersionInfo>
					<VersionInfoKeys>
						<VersionInfoKeys Name="CompanyName">Provincia ART</VersionInfoKeys>
						<VersionInfoKeys Name="FileDescription">Aplicación de Prestaciones Dinerarias</VersionInfoKeys>
						<VersionInfoKeys Name="FileVersion">1.0.0.0</VersionInfoKeys>
						<VersionInfoKeys Name="InternalName">Dinerarias</VersionInfoKeys>
						<VersionInfoKeys Name="LegalCopyright"/>
						<VersionInfoKeys Name="LegalTrademarks"/>
						<VersionInfoKeys Name="OriginalFilename">Dinerarias.exe</VersionInfoKeys>
						<VersionInfoKeys Name="ProductName"/>
						<VersionInfoKeys Name="ProductVersion">1.0.0.0</VersionInfoKeys>
						<VersionInfoKeys Name="Comments"/>
					</VersionInfoKeys>
					<Excluded_Packages>
						<Excluded_Packages Name="C:\Program Files\FastReports\LibD16\dclfrxDB16.bpl">FastReport 4.0 DB Components</Excluded_Packages>
						<Excluded_Packages Name="$(BDSBIN)\dcloffice2k160.bpl">Microsoft Office 2000 Sample Automation Server Wrapper Components</Excluded_Packages>
						<Excluded_Packages Name="$(BDSBIN)\dclofficexp160.bpl">Microsoft Office XP Sample Automation Server Wrapper Components</Excluded_Packages>
						<Excluded_Packages Name="C:\Delphi\Paquetes\Terceros\TeeChart 2012 for RAD XE2\Delphi16.win32\Bin\DclFMXTeePro916.bpl">TeeChart Pro 2012 for FireMonkey Components</Excluded_Packages>
					</Excluded_Packages>
				</Delphi.Personality>
				<Platforms>
					<Platform value="Win64">False</Platform>
					<Platform value="Win32">True</Platform>
				</Platforms>
				<ModelSupport>False</ModelSupport>
			</BorlandProject>
			<ProjectFileVersion>12</ProjectFileVersion>
		</ProjectExtensions>
		<Import Condition="Exists('$(BDS)\Bin\CodeGear.Delphi.Targets')" Project="$(BDS)\Bin\CodeGear.Delphi.Targets"/>
		<Import Condition="Exists('$(APPDATA)\Embarcadero\$(BDSAPPDATABASEDIR)\$(PRODUCTVERSION)\UserTools.proj')" Project="$(APPDATA)\Embarcadero\$(BDSAPPDATABASEDIR)\$(PRODUCTVERSION)\UserTools.proj"/>
	</Project>
